PODS:
  - Expecta (0.3.0)
  - FlatUIKit (1.4)
  - FrameAccessor (1.3.2)
  - MagicalRecord (2.2):
    - MagicalRecord/Core
  - MagicalRecord/Core (2.2)

DEPENDENCIES:
  - Expecta
  - FlatUIKit
  - FrameAccessor
  - MagicalRecord

SPEC CHECKSUMS:
  Expecta: ce8a51b9fad15a2cd573b291cb2909aaed865350
  FlatUIKit: edc1ed0c130687dc64a10e45851cc58925f6893d
  FrameAccessor: 8bf7a2c66f86005ff9bcd1c9cbd0a3eb4970910b
  MagicalRecord: 2b471584fc9e3137f3d0a56967917baa4979e224

COCOAPODS: 0.33.1
