// !$*UTF8*$!
{
	archiveVersion = 1;
	classes = {
	};
	objectVersion = 46;
	objects = {

/* Begin PBXAggregateTarget section */
		8376E5F618B7A378005CFB78 /* Mogenerator */ = {
			isa = PBXAggregateTarget;
			buildConfigurationList = 8376E5F718B7A378005CFB78 /* Build configuration list for PBXAggregateTarget "Mogenerator" */;
			buildPhases = (
				8376E5FA18B7A394005CFB78 /* ShellScript */,
			);
			dependencies = (
			);
			name = Mogenerator;
			productName = Mogenerator;
		};
/* End PBXAggregateTarget section */

/* Begin PBXBuildFile section */
		2CD64F62050C4DB5BE0CC1CA /* libPods-DriftTests.a in Frameworks */ = {isa = PBXBuildFile; fileRef = 42A338CB7525492CA914F2AF /* libPods-DriftTests.a */; };
		8376E5F518B7A335005CFB78 /* Drift.xcdatamodeld in Sources */ = {isa = PBXBuildFile; fileRef = 8376E5F318B7A335005CFB78 /* Drift.xcdatamodeld */; };
		8376E60518B7A464005CFB78 /* DRPath.m in Sources */ = {isa = PBXBuildFile; fileRef = 8376E5FD18B7A464005CFB78 /* DRPath.m */; };
		8376E60618B7A464005CFB78 /* DRRun.m in Sources */ = {isa = PBXBuildFile; fileRef = 8376E5FF18B7A464005CFB78 /* DRRun.m */; };
		8376E60718B7A464005CFB78 /* _DRPath.m in Sources */ = {isa = PBXBuildFile; fileRef = 8376E60218B7A464005CFB78 /* _DRPath.m */; };
		8376E60818B7A464005CFB78 /* _DRRun.m in Sources */ = {isa = PBXBuildFile; fileRef = 8376E60418B7A464005CFB78 /* _DRRun.m */; };
		8382940B18C769B6003F1FF6 /* DRTableViewCell.m in Sources */ = {isa = PBXBuildFile; fileRef = 8382940A18C769B6003F1FF6 /* DRTableViewCell.m */; };
		8382941318C7729D003F1FF6 /* OpenSans-Bold.ttf in Resources */ = {isa = PBXBuildFile; fileRef = 8382941218C7729D003F1FF6 /* OpenSans-Bold.ttf */; };
		8382941918C77653003F1FF6 /* Play@2x.png in Resources */ = {isa = PBXBuildFile; fileRef = 8382941818C77653003F1FF6 /* Play@2x.png */; };
		8382941C18C779D2003F1FF6 /* SSManagedObject.m in Sources */ = {isa = PBXBuildFile; fileRef = 8382941B18C779D2003F1FF6 /* SSManagedObject.m */; };
		8382941F18C77A24003F1FF6 /* NSString+UniqueIdentifier.m in Sources */ = {isa = PBXBuildFile; fileRef = 8382941E18C77A24003F1FF6 /* NSString+UniqueIdentifier.m */; };
		8382942818C78908003F1FF6 /* DRShowPathsTableViewCell.m in Sources */ = {isa = PBXBuildFile; fileRef = 8382942218C78908003F1FF6 /* DRShowPathsTableViewCell.m */; };
		8382942918C78908003F1FF6 /* DRRunsViewController.m in Sources */ = {isa = PBXBuildFile; fileRef = 8382942418C78908003F1FF6 /* DRRunsViewController.m */; };
		8382942A18C78908003F1FF6 /* DRRunsViewController.xib in Resources */ = {isa = PBXBuildFile; fileRef = 8382942518C78908003F1FF6 /* DRRunsViewController.xib */; };
		8382942B18C78908003F1FF6 /* DRRunTableViewCell.m in Sources */ = {isa = PBXBuildFile; fileRef = 8382942718C78908003F1FF6 /* DRRunTableViewCell.m */; };
		8382943018C7893C003F1FF6 /* DRPathsViewController.m in Sources */ = {isa = PBXBuildFile; fileRef = 8382942E18C7893C003F1FF6 /* DRPathsViewController.m */; };
		8382943118C7893C003F1FF6 /* DRPathsViewController.xib in Resources */ = {isa = PBXBuildFile; fileRef = 8382942F18C7893C003F1FF6 /* DRPathsViewController.xib */; };
		8382943418C78A0B003F1FF6 /* DRPathTableViewCell.m in Sources */ = {isa = PBXBuildFile; fileRef = 8382943318C78A0B003F1FF6 /* DRPathTableViewCell.m */; };
		8384DE6E18C53DB9002B551B /* UIColor+Hex.m in Sources */ = {isa = PBXBuildFile; fileRef = 8384DE6D18C53DB9002B551B /* UIColor+Hex.m */; };
		8384DE7118C5419E002B551B /* DRTheme.m in Sources */ = {isa = PBXBuildFile; fileRef = 8384DE7018C5419E002B551B /* DRTheme.m */; };
		8384DE7418C542A2002B551B /* DRNavigationBar.m in Sources */ = {isa = PBXBuildFile; fileRef = 8384DE7318C542A2002B551B /* DRNavigationBar.m */; };
		8384DE7718C54306002B551B /* UIColor+Extensions.m in Sources */ = {isa = PBXBuildFile; fileRef = 8384DE7618C54306002B551B /* UIColor+Extensions.m */; };
		8384DE8518C544B0002B551B /* BRAddIcon.m in Sources */ = {isa = PBXBuildFile; fileRef = 8384DE7A18C544B0002B551B /* BRAddIcon.m */; };
		8384DE8618C544B0002B551B /* BRBackArrow.m in Sources */ = {isa = PBXBuildFile; fileRef = 8384DE7C18C544B0002B551B /* BRBackArrow.m */; };
		8384DE8718C544B0002B551B /* BRCancelIcon.m in Sources */ = {isa = PBXBuildFile; fileRef = 8384DE7E18C544B0002B551B /* BRCancelIcon.m */; };
		8384DE8818C544B0002B551B /* BRCheckmarkIcon.m in Sources */ = {isa = PBXBuildFile; fileRef = 8384DE8018C544B0002B551B /* BRCheckmarkIcon.m */; };
		8384DE8918C544B0002B551B /* BRDisclosureIcon.m in Sources */ = {isa = PBXBuildFile; fileRef = 8384DE8218C544B0002B551B /* BRDisclosureIcon.m */; };
		8384DE8A18C544B0002B551B /* BRDrawing.m in Sources */ = {isa = PBXBuildFile; fileRef = 8384DE8418C544B0002B551B /* BRDrawing.m */; };
		8384DE8D18C544D7002B551B /* UIView+Image.m in Sources */ = {isa = PBXBuildFile; fileRef = 8384DE8C18C544D7002B551B /* UIView+Image.m */; };
		8384DE9418C621C9002B551B /* BRButton.m in Sources */ = {isa = PBXBuildFile; fileRef = 8384DE8F18C621C9002B551B /* BRButton.m */; };
		8384DE9518C621C9002B551B /* BROverlayView.m in Sources */ = {isa = PBXBuildFile; fileRef = 8384DE9118C621C9002B551B /* BROverlayView.m */; };
		8384DE9618C621C9002B551B /* SIAlertView.m in Sources */ = {isa = PBXBuildFile; fileRef = 8384DE9318C621C9002B551B /* SIAlertView.m */; };
		8384DE9C18C624E2002B551B /* CALayer+KeyframeAnimations.m in Sources */ = {isa = PBXBuildFile; fileRef = 8384DE9B18C624E2002B551B /* CALayer+KeyframeAnimations.m */; };
		8384DE9F18C62514002B551B /* UIImage+ImageEffects.m in Sources */ = {isa = PBXBuildFile; fileRef = 8384DE9E18C62514002B551B /* UIImage+ImageEffects.m */; };
		8384DEA218C62910002B551B /* OpenSans-Semibold.ttf in Resources */ = {isa = PBXBuildFile; fileRef = 8384DEA118C62910002B551B /* OpenSans-Semibold.ttf */; };
		8384DEA418C6298B002B551B /* OpenSans-Regular.ttf in Resources */ = {isa = PBXBuildFile; fileRef = 8384DEA318C6298B002B551B /* OpenSans-Regular.ttf */; };
		8384DEAA18C6305A002B551B /* DRFeedbackViewController.m in Sources */ = {isa = PBXBuildFile; fileRef = 8384DEA818C6305A002B551B /* DRFeedbackViewController.m */; };
		8384DEAB18C6305A002B551B /* DRFeedbackViewController.xib in Resources */ = {isa = PBXBuildFile; fileRef = 8384DEA918C6305A002B551B /* DRFeedbackViewController.xib */; };
		8384DEAE18C631D9002B551B /* DRGPSStrengthView.m in Sources */ = {isa = PBXBuildFile; fileRef = 8384DEAD18C631D9002B551B /* DRGPSStrengthView.m */; };
		8384DEB118C63399002B551B /* NSDate+Utilities.m in Sources */ = {isa = PBXBuildFile; fileRef = 8384DEB018C63399002B551B /* NSDate+Utilities.m */; };
		8384DEB418C639EF002B551B /* DRVisualFeedbackViewController.m in Sources */ = {isa = PBXBuildFile; fileRef = 8384DEB318C639EF002B551B /* DRVisualFeedbackViewController.m */; };
		8384DEB718C63B85002B551B /* DRPathView.m in Sources */ = {isa = PBXBuildFile; fileRef = 8384DEB618C63B85002B551B /* DRPathView.m */; };
		838D12CA18BCD2AB00675187 /* CLLocation+DRExtensions.m in Sources */ = {isa = PBXBuildFile; fileRef = 838D12C918BCD2AB00675187 /* CLLocation+DRExtensions.m */; };
		838D12CC18BCD2CF00675187 /* CoreLocation.framework in Frameworks */ = {isa = PBXBuildFile; fileRef = 838D12CB18BCD2CF00675187 /* CoreLocation.framework */; };
		838D12CF18BCD41200675187 /* NSArray+DRExtensions.m in Sources */ = {isa = PBXBuildFile; fileRef = 838D12CE18BCD41200675187 /* NSArray+DRExtensions.m */; };
		8392239818BE51E6003929A0 /* DRLocationManager.m in Sources */ = {isa = PBXBuildFile; fileRef = 8392239718BE51E6003929A0 /* DRLocationManager.m */; };
		8392239B18BE5371003929A0 /* DRDataProcessor.m in Sources */ = {isa = PBXBuildFile; fileRef = 8392239A18BE5371003929A0 /* DRDataProcessor.m */; };
		83B2779818C9FEF7009AA3B4 /* DRDrift.m in Sources */ = {isa = PBXBuildFile; fileRef = 83B2779718C9FEF7009AA3B4 /* DRDrift.m */; };
		83B2779B18CA0D3D009AA3B4 /* NSNumber+Extensions.m in Sources */ = {isa = PBXBuildFile; fileRef = 83B2779A18CA0D3D009AA3B4 /* NSNumber+Extensions.m */; };
		83B2779E18CA0F43009AA3B4 /* DRCountdownCircle.m in Sources */ = {isa = PBXBuildFile; fileRef = 83B2779D18CA0F43009AA3B4 /* DRCountdownCircle.m */; };
		83B277A118CA2024009AA3B4 /* DRSpeaker.m in Sources */ = {isa = PBXBuildFile; fileRef = 83B277A018CA2024009AA3B4 /* DRSpeaker.m */; };
		83B988A918B256F2009AA6E7 /* Foundation.framework in Frameworks */ = {isa = PBXBuildFile; fileRef = 83B988A818B256F2009AA6E7 /* Foundation.framework */; };
		83B988AB18B256F2009AA6E7 /* CoreGraphics.framework in Frameworks */ = {isa = PBXBuildFile; fileRef = 83B988AA18B256F2009AA6E7 /* CoreGraphics.framework */; };
		83B988AD18B256F2009AA6E7 /* UIKit.framework in Frameworks */ = {isa = PBXBuildFile; fileRef = 83B988AC18B256F2009AA6E7 /* UIKit.framework */; };
		83B988AF18B256F2009AA6E7 /* CoreData.framework in Frameworks */ = {isa = PBXBuildFile; fileRef = 83B988AE18B256F2009AA6E7 /* CoreData.framework */; };
		83B988B518B256F2009AA6E7 /* InfoPlist.strings in Resources */ = {isa = PBXBuildFile; fileRef = 83B988B318B256F2009AA6E7 /* InfoPlist.strings */; };
		83B988B718B256F2009AA6E7 /* main.m in Sources */ = {isa = PBXBuildFile; fileRef = 83B988B618B256F2009AA6E7 /* main.m */; };
		83B988BB18B256F2009AA6E7 /* DRAppDelegate.m in Sources */ = {isa = PBXBuildFile; fileRef = 83B988BA18B256F2009AA6E7 /* DRAppDelegate.m */; };
		83B988C018B256F2009AA6E7 /* Images.xcassets in Resources */ = {isa = PBXBuildFile; fileRef = 83B988BF18B256F2009AA6E7 /* Images.xcassets */; };
		83B988C718B256F2009AA6E7 /* XCTest.framework in Frameworks */ = {isa = PBXBuildFile; fileRef = 83B988C618B256F2009AA6E7 /* XCTest.framework */; };
		83B988C818B256F2009AA6E7 /* Foundation.framework in Frameworks */ = {isa = PBXBuildFile; fileRef = 83B988A818B256F2009AA6E7 /* Foundation.framework */; };
		83B988C918B256F2009AA6E7 /* UIKit.framework in Frameworks */ = {isa = PBXBuildFile; fileRef = 83B988AC18B256F2009AA6E7 /* UIKit.framework */; };
		83B988CA18B256F2009AA6E7 /* CoreData.framework in Frameworks */ = {isa = PBXBuildFile; fileRef = 83B988AE18B256F2009AA6E7 /* CoreData.framework */; };
		83B988D218B256F2009AA6E7 /* InfoPlist.strings in Resources */ = {isa = PBXBuildFile; fileRef = 83B988D018B256F2009AA6E7 /* InfoPlist.strings */; };
		83B988D418B256F2009AA6E7 /* DriftTests.m in Sources */ = {isa = PBXBuildFile; fileRef = 83B988D318B256F2009AA6E7 /* DriftTests.m */; };
		83DCECC818C7BE7F004D0B34 /* DRDistanceFormatter.m in Sources */ = {isa = PBXBuildFile; fileRef = 83DCECC718C7BE7F004D0B34 /* DRDistanceFormatter.m */; };
		83DCECCB18C7C1DD004D0B34 /* DRAcousticFeedbackViewController.m in Sources */ = {isa = PBXBuildFile; fileRef = 83DCECCA18C7C1DD004D0B34 /* DRAcousticFeedbackViewController.m */; };
		83DCECCE18C7CD6F004D0B34 /* DRVariableManager.m in Sources */ = {isa = PBXBuildFile; fileRef = 83DCECCD18C7CD6F004D0B34 /* DRVariableManager.m */; };
		83FF2BB018C8A6C70011E79F /* DRNewPathViewController.m in Sources */ = {isa = PBXBuildFile; fileRef = 83FF2BAE18C8A6C70011E79F /* DRNewPathViewController.m */; };
		83FF2BB118C8A6C70011E79F /* DRNewPathViewController.xib in Resources */ = {isa = PBXBuildFile; fileRef = 83FF2BAF18C8A6C70011E79F /* DRNewPathViewController.xib */; };
		83FF2BB418C8AAA00011E79F /* DRTextField.m in Sources */ = {isa = PBXBuildFile; fileRef = 83FF2BB318C8AAA00011E79F /* DRTextField.m */; };
		83FF2BB718C8AF000011E79F /* DRGPSParser.m in Sources */ = {isa = PBXBuildFile; fileRef = 83FF2BB618C8AF000011E79F /* DRGPSParser.m */; };
		83FF2BBA18C8ECD10011E79F /* DRChoosePathViewController.m in Sources */ = {isa = PBXBuildFile; fileRef = 83FF2BB918C8ECD10011E79F /* DRChoosePathViewController.m */; };
		83FF2BBE18C8FA850011E79F /* DRRunViewController.m in Sources */ = {isa = PBXBuildFile; fileRef = 83FF2BBC18C8FA850011E79F /* DRRunViewController.m */; };
		83FF2BBF18C8FA850011E79F /* DRRunViewController.xib in Resources */ = {isa = PBXBuildFile; fileRef = 83FF2BBD18C8FA850011E79F /* DRRunViewController.xib */; };
		97FFDB5FF92D437ABAD935A2 /* libPods.a in Frameworks */ = {isa = PBXBuildFile; fileRef = 6182D03EDE384F918A26C950 /* libPods.a */; };
/* End PBXBuildFile section */

/* Begin PBXContainerItemProxy section */
		83B988CB18B256F2009AA6E7 /* PBXContainerItemProxy */ = {
			isa = PBXContainerItemProxy;
			containerPortal = 83B9889D18B256F1009AA6E7 /* Project object */;
			proxyType = 1;
			remoteGlobalIDString = 83B988A418B256F1009AA6E7;
			remoteInfo = Drift;
		};
/* End PBXContainerItemProxy section */

/* Begin PBXFileReference section */
		216CFFB8B4AC4BA499CC087A /* Pods-DriftTests.xcconfig */ = {isa = PBXFileReference; includeInIndex = 1; lastKnownFileType = text.xcconfig; name = "Pods-DriftTests.xcconfig"; path = "Pods/Pods-DriftTests.xcconfig"; sourceTree = "<group>"; };
		42A338CB7525492CA914F2AF /* libPods-DriftTests.a */ = {isa = PBXFileReference; explicitFileType = archive.ar; includeInIndex = 0; path = "libPods-DriftTests.a"; sourceTree = BUILT_PRODUCTS_DIR; };
		6182D03EDE384F918A26C950 /* libPods.a */ = {isa = PBXFileReference; explicitFileType = archive.ar; includeInIndex = 0; path = libPods.a; sourceTree = BUILT_PRODUCTS_DIR; };
		8376E5F418B7A335005CFB78 /* Drift.xcdatamodel */ = {isa = PBXFileReference; lastKnownFileType = wrapper.xcdatamodel; path = Drift.xcdatamodel; sourceTree = "<group>"; };
		8376E5FC18B7A464005CFB78 /* DRPath.h */ = {isa = PBXFileReference; fileEncoding = 4; lastKnownFileType = sourcecode.c.h; path = DRPath.h; sourceTree = "<group>"; };
		8376E5FD18B7A464005CFB78 /* DRPath.m */ = {isa = PBXFileReference; fileEncoding = 4; lastKnownFileType = sourcecode.c.objc; path = DRPath.m; sourceTree = "<group>"; };
		8376E5FE18B7A464005CFB78 /* DRRun.h */ = {isa = PBXFileReference; fileEncoding = 4; lastKnownFileType = sourcecode.c.h; path = DRRun.h; sourceTree = "<group>"; };
		8376E5FF18B7A464005CFB78 /* DRRun.m */ = {isa = PBXFileReference; fileEncoding = 4; lastKnownFileType = sourcecode.c.objc; path = DRRun.m; sourceTree = "<group>"; };
		8376E60118B7A464005CFB78 /* _DRPath.h */ = {isa = PBXFileReference; fileEncoding = 4; lastKnownFileType = sourcecode.c.h; path = _DRPath.h; sourceTree = "<group>"; };
		8376E60218B7A464005CFB78 /* _DRPath.m */ = {isa = PBXFileReference; fileEncoding = 4; lastKnownFileType = sourcecode.c.objc; path = _DRPath.m; sourceTree = "<group>"; };
		8376E60318B7A464005CFB78 /* _DRRun.h */ = {isa = PBXFileReference; fileEncoding = 4; lastKnownFileType = sourcecode.c.h; path = _DRRun.h; sourceTree = "<group>"; };
		8376E60418B7A464005CFB78 /* _DRRun.m */ = {isa = PBXFileReference; fileEncoding = 4; lastKnownFileType = sourcecode.c.objc; path = _DRRun.m; sourceTree = "<group>"; };
		8376E60918B7A489005CFB78 /* DRModel.h */ = {isa = PBXFileReference; fileEncoding = 4; lastKnownFileType = sourcecode.c.h; path = DRModel.h; sourceTree = "<group>"; };
		8382940918C769B6003F1FF6 /* DRTableViewCell.h */ = {isa = PBXFileReference; fileEncoding = 4; lastKnownFileType = sourcecode.c.h; path = DRTableViewCell.h; sourceTree = "<group>"; };
		8382940A18C769B6003F1FF6 /* DRTableViewCell.m */ = {isa = PBXFileReference; fileEncoding = 4; lastKnownFileType = sourcecode.c.objc; path = DRTableViewCell.m; sourceTree = "<group>"; };
		8382941218C7729D003F1FF6 /* OpenSans-Bold.ttf */ = {isa = PBXFileReference; lastKnownFileType = file; path = "OpenSans-Bold.ttf"; sourceTree = "<group>"; };
		8382941818C77653003F1FF6 /* Play@2x.png */ = {isa = PBXFileReference; lastKnownFileType = image.png; path = "Play@2x.png"; sourceTree = "<group>"; };
		8382941A18C779D2003F1FF6 /* SSManagedObject.h */ = {isa = PBXFileReference; fileEncoding = 4; lastKnownFileType = sourcecode.c.h; path = SSManagedObject.h; sourceTree = "<group>"; };
		8382941B18C779D2003F1FF6 /* SSManagedObject.m */ = {isa = PBXFileReference; fileEncoding = 4; lastKnownFileType = sourcecode.c.objc; path = SSManagedObject.m; sourceTree = "<group>"; };
		8382941D18C77A24003F1FF6 /* NSString+UniqueIdentifier.h */ = {isa = PBXFileReference; fileEncoding = 4; lastKnownFileType = sourcecode.c.h; path = "NSString+UniqueIdentifier.h"; sourceTree = "<group>"; };
		8382941E18C77A24003F1FF6 /* NSString+UniqueIdentifier.m */ = {isa = PBXFileReference; fileEncoding = 4; lastKnownFileType = sourcecode.c.objc; path = "NSString+UniqueIdentifier.m"; sourceTree = "<group>"; };
		8382942118C78908003F1FF6 /* DRShowPathsTableViewCell.h */ = {isa = PBXFileReference; fileEncoding = 4; lastKnownFileType = sourcecode.c.h; path = DRShowPathsTableViewCell.h; sourceTree = "<group>"; };
		8382942218C78908003F1FF6 /* DRShowPathsTableViewCell.m */ = {isa = PBXFileReference; fileEncoding = 4; lastKnownFileType = sourcecode.c.objc; path = DRShowPathsTableViewCell.m; sourceTree = "<group>"; };
		8382942318C78908003F1FF6 /* DRRunsViewController.h */ = {isa = PBXFileReference; fileEncoding = 4; lastKnownFileType = sourcecode.c.h; path = DRRunsViewController.h; sourceTree = "<group>"; };
		8382942418C78908003F1FF6 /* DRRunsViewController.m */ = {isa = PBXFileReference; fileEncoding = 4; lastKnownFileType = sourcecode.c.objc; path = DRRunsViewController.m; sourceTree = "<group>"; };
		8382942518C78908003F1FF6 /* DRRunsViewController.xib */ = {isa = PBXFileReference; fileEncoding = 4; lastKnownFileType = file.xib; path = DRRunsViewController.xib; sourceTree = "<group>"; };
		8382942618C78908003F1FF6 /* DRRunTableViewCell.h */ = {isa = PBXFileReference; fileEncoding = 4; lastKnownFileType = sourcecode.c.h; path = DRRunTableViewCell.h; sourceTree = "<group>"; };
		8382942718C78908003F1FF6 /* DRRunTableViewCell.m */ = {isa = PBXFileReference; fileEncoding = 4; lastKnownFileType = sourcecode.c.objc; path = DRRunTableViewCell.m; sourceTree = "<group>"; };
		8382942D18C7893C003F1FF6 /* DRPathsViewController.h */ = {isa = PBXFileReference; fileEncoding = 4; lastKnownFileType = sourcecode.c.h; path = DRPathsViewController.h; sourceTree = "<group>"; };
		8382942E18C7893C003F1FF6 /* DRPathsViewController.m */ = {isa = PBXFileReference; fileEncoding = 4; lastKnownFileType = sourcecode.c.objc; path = DRPathsViewController.m; sourceTree = "<group>"; };
		8382942F18C7893C003F1FF6 /* DRPathsViewController.xib */ = {isa = PBXFileReference; fileEncoding = 4; lastKnownFileType = file.xib; path = DRPathsViewController.xib; sourceTree = "<group>"; };
		8382943218C78A0B003F1FF6 /* DRPathTableViewCell.h */ = {isa = PBXFileReference; fileEncoding = 4; lastKnownFileType = sourcecode.c.h; path = DRPathTableViewCell.h; sourceTree = "<group>"; };
		8382943318C78A0B003F1FF6 /* DRPathTableViewCell.m */ = {isa = PBXFileReference; fileEncoding = 4; lastKnownFileType = sourcecode.c.objc; path = DRPathTableViewCell.m; sourceTree = "<group>"; };
		8384DE6C18C53DB9002B551B /* UIColor+Hex.h */ = {isa = PBXFileReference; fileEncoding = 4; lastKnownFileType = sourcecode.c.h; path = "UIColor+Hex.h"; sourceTree = "<group>"; };
		8384DE6D18C53DB9002B551B /* UIColor+Hex.m */ = {isa = PBXFileReference; fileEncoding = 4; lastKnownFileType = sourcecode.c.objc; path = "UIColor+Hex.m"; sourceTree = "<group>"; };
		8384DE6F18C5419E002B551B /* DRTheme.h */ = {isa = PBXFileReference; fileEncoding = 4; lastKnownFileType = sourcecode.c.h; path = DRTheme.h; sourceTree = "<group>"; };
		8384DE7018C5419E002B551B /* DRTheme.m */ = {isa = PBXFileReference; fileEncoding = 4; lastKnownFileType = sourcecode.c.objc; path = DRTheme.m; sourceTree = "<group>"; };
		8384DE7218C542A2002B551B /* DRNavigationBar.h */ = {isa = PBXFileReference; fileEncoding = 4; lastKnownFileType = sourcecode.c.h; path = DRNavigationBar.h; sourceTree = "<group>"; };
		8384DE7318C542A2002B551B /* DRNavigationBar.m */ = {isa = PBXFileReference; fileEncoding = 4; lastKnownFileType = sourcecode.c.objc; path = DRNavigationBar.m; sourceTree = "<group>"; };
		8384DE7518C54306002B551B /* UIColor+Extensions.h */ = {isa = PBXFileReference; fileEncoding = 4; lastKnownFileType = sourcecode.c.h; path = "UIColor+Extensions.h"; sourceTree = "<group>"; };
		8384DE7618C54306002B551B /* UIColor+Extensions.m */ = {isa = PBXFileReference; fileEncoding = 4; lastKnownFileType = sourcecode.c.objc; path = "UIColor+Extensions.m"; sourceTree = "<group>"; };
		8384DE7918C544B0002B551B /* BRAddIcon.h */ = {isa = PBXFileReference; fileEncoding = 4; lastKnownFileType = sourcecode.c.h; path = BRAddIcon.h; sourceTree = "<group>"; };
		8384DE7A18C544B0002B551B /* BRAddIcon.m */ = {isa = PBXFileReference; fileEncoding = 4; lastKnownFileType = sourcecode.c.objc; path = BRAddIcon.m; sourceTree = "<group>"; };
		8384DE7B18C544B0002B551B /* BRBackArrow.h */ = {isa = PBXFileReference; fileEncoding = 4; lastKnownFileType = sourcecode.c.h; path = BRBackArrow.h; sourceTree = "<group>"; };
		8384DE7C18C544B0002B551B /* BRBackArrow.m */ = {isa = PBXFileReference; fileEncoding = 4; lastKnownFileType = sourcecode.c.objc; path = BRBackArrow.m; sourceTree = "<group>"; };
		8384DE7D18C544B0002B551B /* BRCancelIcon.h */ = {isa = PBXFileReference; fileEncoding = 4; lastKnownFileType = sourcecode.c.h; path = BRCancelIcon.h; sourceTree = "<group>"; };
		8384DE7E18C544B0002B551B /* BRCancelIcon.m */ = {isa = PBXFileReference; fileEncoding = 4; lastKnownFileType = sourcecode.c.objc; path = BRCancelIcon.m; sourceTree = "<group>"; };
		8384DE7F18C544B0002B551B /* BRCheckmarkIcon.h */ = {isa = PBXFileReference; fileEncoding = 4; lastKnownFileType = sourcecode.c.h; path = BRCheckmarkIcon.h; sourceTree = "<group>"; };
		8384DE8018C544B0002B551B /* BRCheckmarkIcon.m */ = {isa = PBXFileReference; fileEncoding = 4; lastKnownFileType = sourcecode.c.objc; path = BRCheckmarkIcon.m; sourceTree = "<group>"; };
		8384DE8118C544B0002B551B /* BRDisclosureIcon.h */ = {isa = PBXFileReference; fileEncoding = 4; lastKnownFileType = sourcecode.c.h; path = BRDisclosureIcon.h; sourceTree = "<group>"; };
		8384DE8218C544B0002B551B /* BRDisclosureIcon.m */ = {isa = PBXFileReference; fileEncoding = 4; lastKnownFileType = sourcecode.c.objc; path = BRDisclosureIcon.m; sourceTree = "<group>"; };
		8384DE8318C544B0002B551B /* BRDrawing.h */ = {isa = PBXFileReference; fileEncoding = 4; lastKnownFileType = sourcecode.c.h; path = BRDrawing.h; sourceTree = "<group>"; };
		8384DE8418C544B0002B551B /* BRDrawing.m */ = {isa = PBXFileReference; fileEncoding = 4; lastKnownFileType = sourcecode.c.objc; path = BRDrawing.m; sourceTree = "<group>"; };
		8384DE8B18C544D7002B551B /* UIView+Image.h */ = {isa = PBXFileReference; fileEncoding = 4; lastKnownFileType = sourcecode.c.h; path = "UIView+Image.h"; sourceTree = "<group>"; };
		8384DE8C18C544D7002B551B /* UIView+Image.m */ = {isa = PBXFileReference; fileEncoding = 4; lastKnownFileType = sourcecode.c.objc; path = "UIView+Image.m"; sourceTree = "<group>"; };
		8384DE8E18C621C9002B551B /* BRButton.h */ = {isa = PBXFileReference; fileEncoding = 4; lastKnownFileType = sourcecode.c.h; path = BRButton.h; sourceTree = "<group>"; };
		8384DE8F18C621C9002B551B /* BRButton.m */ = {isa = PBXFileReference; fileEncoding = 4; lastKnownFileType = sourcecode.c.objc; path = BRButton.m; sourceTree = "<group>"; };
		8384DE9018C621C9002B551B /* BROverlayView.h */ = {isa = PBXFileReference; fileEncoding = 4; lastKnownFileType = sourcecode.c.h; path = BROverlayView.h; sourceTree = "<group>"; };
		8384DE9118C621C9002B551B /* BROverlayView.m */ = {isa = PBXFileReference; fileEncoding = 4; lastKnownFileType = sourcecode.c.objc; path = BROverlayView.m; sourceTree = "<group>"; };
		8384DE9218C621C9002B551B /* SIAlertView.h */ = {isa = PBXFileReference; fileEncoding = 4; lastKnownFileType = sourcecode.c.h; path = SIAlertView.h; sourceTree = "<group>"; };
		8384DE9318C621C9002B551B /* SIAlertView.m */ = {isa = PBXFileReference; fileEncoding = 4; lastKnownFileType = sourcecode.c.objc; path = SIAlertView.m; sourceTree = "<group>"; };
		8384DE9A18C624E2002B551B /* CALayer+KeyframeAnimations.h */ = {isa = PBXFileReference; fileEncoding = 4; lastKnownFileType = sourcecode.c.h; path = "CALayer+KeyframeAnimations.h"; sourceTree = "<group>"; };
		8384DE9B18C624E2002B551B /* CALayer+KeyframeAnimations.m */ = {isa = PBXFileReference; fileEncoding = 4; lastKnownFileType = sourcecode.c.objc; path = "CALayer+KeyframeAnimations.m"; sourceTree = "<group>"; };
		8384DE9D18C62514002B551B /* UIImage+ImageEffects.h */ = {isa = PBXFileReference; fileEncoding = 4; lastKnownFileType = sourcecode.c.h; path = "UIImage+ImageEffects.h"; sourceTree = "<group>"; };
		8384DE9E18C62514002B551B /* UIImage+ImageEffects.m */ = {isa = PBXFileReference; fileEncoding = 4; lastKnownFileType = sourcecode.c.objc; path = "UIImage+ImageEffects.m"; sourceTree = "<group>"; };
		8384DEA118C62910002B551B /* OpenSans-Semibold.ttf */ = {isa = PBXFileReference; lastKnownFileType = file; path = "OpenSans-Semibold.ttf"; sourceTree = "<group>"; };
		8384DEA318C6298B002B551B /* OpenSans-Regular.ttf */ = {isa = PBXFileReference; lastKnownFileType = file; path = "OpenSans-Regular.ttf"; sourceTree = "<group>"; };
		8384DEA618C6305A002B551B /* DRFeedbackModule.h */ = {isa = PBXFileReference; fileEncoding = 4; lastKnownFileType = sourcecode.c.h; path = DRFeedbackModule.h; sourceTree = "<group>"; };
		8384DEA718C6305A002B551B /* DRFeedbackViewController.h */ = {isa = PBXFileReference; fileEncoding = 4; lastKnownFileType = sourcecode.c.h; path = DRFeedbackViewController.h; sourceTree = "<group>"; };
		8384DEA818C6305A002B551B /* DRFeedbackViewController.m */ = {isa = PBXFileReference; fileEncoding = 4; lastKnownFileType = sourcecode.c.objc; path = DRFeedbackViewController.m; sourceTree = "<group>"; };
		8384DEA918C6305A002B551B /* DRFeedbackViewController.xib */ = {isa = PBXFileReference; fileEncoding = 4; lastKnownFileType = file.xib; path = DRFeedbackViewController.xib; sourceTree = "<group>"; };
		8384DEAC18C631D9002B551B /* DRGPSStrengthView.h */ = {isa = PBXFileReference; fileEncoding = 4; lastKnownFileType = sourcecode.c.h; path = DRGPSStrengthView.h; sourceTree = "<group>"; };
		8384DEAD18C631D9002B551B /* DRGPSStrengthView.m */ = {isa = PBXFileReference; fileEncoding = 4; lastKnownFileType = sourcecode.c.objc; path = DRGPSStrengthView.m; sourceTree = "<group>"; };
		8384DEAF18C63399002B551B /* NSDate+Utilities.h */ = {isa = PBXFileReference; fileEncoding = 4; lastKnownFileType = sourcecode.c.h; path = "NSDate+Utilities.h"; sourceTree = "<group>"; };
		8384DEB018C63399002B551B /* NSDate+Utilities.m */ = {isa = PBXFileReference; fileEncoding = 4; lastKnownFileType = sourcecode.c.objc; path = "NSDate+Utilities.m"; sourceTree = "<group>"; };
		8384DEB218C639EF002B551B /* DRVisualFeedbackViewController.h */ = {isa = PBXFileReference; fileEncoding = 4; lastKnownFileType = sourcecode.c.h; path = DRVisualFeedbackViewController.h; sourceTree = "<group>"; };
		8384DEB318C639EF002B551B /* DRVisualFeedbackViewController.m */ = {isa = PBXFileReference; fileEncoding = 4; lastKnownFileType = sourcecode.c.objc; path = DRVisualFeedbackViewController.m; sourceTree = "<group>"; };
		8384DEB518C63B85002B551B /* DRPathView.h */ = {isa = PBXFileReference; fileEncoding = 4; lastKnownFileType = sourcecode.c.h; path = DRPathView.h; sourceTree = "<group>"; };
		8384DEB618C63B85002B551B /* DRPathView.m */ = {isa = PBXFileReference; fileEncoding = 4; lastKnownFileType = sourcecode.c.objc; path = DRPathView.m; sourceTree = "<group>"; };
		838D12C818BCD2AB00675187 /* CLLocation+DRExtensions.h */ = {isa = PBXFileReference; fileEncoding = 4; lastKnownFileType = sourcecode.c.h; path = "CLLocation+DRExtensions.h"; sourceTree = "<group>"; };
		838D12C918BCD2AB00675187 /* CLLocation+DRExtensions.m */ = {isa = PBXFileReference; fileEncoding = 4; lastKnownFileType = sourcecode.c.objc; path = "CLLocation+DRExtensions.m"; sourceTree = "<group>"; };
		838D12CB18BCD2CF00675187 /* CoreLocation.framework */ = {isa = PBXFileReference; lastKnownFileType = wrapper.framework; name = CoreLocation.framework; path = System/Library/Frameworks/CoreLocation.framework; sourceTree = SDKROOT; };
		838D12CD18BCD41200675187 /* NSArray+DRExtensions.h */ = {isa = PBXFileReference; fileEncoding = 4; lastKnownFileType = sourcecode.c.h; path = "NSArray+DRExtensions.h"; sourceTree = "<group>"; };
		838D12CE18BCD41200675187 /* NSArray+DRExtensions.m */ = {isa = PBXFileReference; fileEncoding = 4; lastKnownFileType = sourcecode.c.objc; path = "NSArray+DRExtensions.m"; sourceTree = "<group>"; };
		8392239618BE51E6003929A0 /* DRLocationManager.h */ = {isa = PBXFileReference; fileEncoding = 4; lastKnownFileType = sourcecode.c.h; path = DRLocationManager.h; sourceTree = "<group>"; };
		8392239718BE51E6003929A0 /* DRLocationManager.m */ = {isa = PBXFileReference; fileEncoding = 4; lastKnownFileType = sourcecode.c.objc; path = DRLocationManager.m; sourceTree = "<group>"; };
		8392239918BE5371003929A0 /* DRDataProcessor.h */ = {isa = PBXFileReference; fileEncoding = 4; lastKnownFileType = sourcecode.c.h; path = DRDataProcessor.h; sourceTree = "<group>"; };
		8392239A18BE5371003929A0 /* DRDataProcessor.m */ = {isa = PBXFileReference; fileEncoding = 4; lastKnownFileType = sourcecode.c.objc; path = DRDataProcessor.m; sourceTree = "<group>"; };
		8392239C18BE5466003929A0 /* DRMacros.h */ = {isa = PBXFileReference; fileEncoding = 4; lastKnownFileType = sourcecode.c.h; path = DRMacros.h; sourceTree = "<group>"; };
		83B2779618C9FEF7009AA3B4 /* DRDrift.h */ = {isa = PBXFileReference; fileEncoding = 4; lastKnownFileType = sourcecode.c.h; path = DRDrift.h; sourceTree = "<group>"; };
		83B2779718C9FEF7009AA3B4 /* DRDrift.m */ = {isa = PBXFileReference; fileEncoding = 4; lastKnownFileType = sourcecode.c.objc; path = DRDrift.m; sourceTree = "<group>"; };
		83B2779918CA0D3D009AA3B4 /* NSNumber+Extensions.h */ = {isa = PBXFileReference; fileEncoding = 4; lastKnownFileType = sourcecode.c.h; path = "NSNumber+Extensions.h"; sourceTree = "<group>"; };
		83B2779A18CA0D3D009AA3B4 /* NSNumber+Extensions.m */ = {isa = PBXFileReference; fileEncoding = 4; lastKnownFileType = sourcecode.c.objc; path = "NSNumber+Extensions.m"; sourceTree = "<group>"; };
		83B2779C18CA0F43009AA3B4 /* DRCountdownCircle.h */ = {isa = PBXFileReference; fileEncoding = 4; lastKnownFileType = sourcecode.c.h; path = DRCountdownCircle.h; sourceTree = "<group>"; };
		83B2779D18CA0F43009AA3B4 /* DRCountdownCircle.m */ = {isa = PBXFileReference; fileEncoding = 4; lastKnownFileType = sourcecode.c.objc; path = DRCountdownCircle.m; sourceTree = "<group>"; };
		83B2779F18CA2024009AA3B4 /* DRSpeaker.h */ = {isa = PBXFileReference; fileEncoding = 4; lastKnownFileType = sourcecode.c.h; path = DRSpeaker.h; sourceTree = "<group>"; };
		83B277A018CA2024009AA3B4 /* DRSpeaker.m */ = {isa = PBXFileReference; fileEncoding = 4; lastKnownFileType = sourcecode.c.objc; path = DRSpeaker.m; sourceTree = "<group>"; };
		83B988A518B256F2009AA6E7 /* Drift.app */ = {isa = PBXFileReference; explicitFileType = wrapper.application; includeInIndex = 0; path = Drift.app; sourceTree = BUILT_PRODUCTS_DIR; };
		83B988A818B256F2009AA6E7 /* Foundation.framework */ = {isa = PBXFileReference; lastKnownFileType = wrapper.framework; name = Foundation.framework; path = System/Library/Frameworks/Foundation.framework; sourceTree = SDKROOT; };
		83B988AA18B256F2009AA6E7 /* CoreGraphics.framework */ = {isa = PBXFileReference; lastKnownFileType = wrapper.framework; name = CoreGraphics.framework; path = System/Library/Frameworks/CoreGraphics.framework; sourceTree = SDKROOT; };
		83B988AC18B256F2009AA6E7 /* UIKit.framework */ = {isa = PBXFileReference; lastKnownFileType = wrapper.framework; name = UIKit.framework; path = System/Library/Frameworks/UIKit.framework; sourceTree = SDKROOT; };
		83B988AE18B256F2009AA6E7 /* CoreData.framework */ = {isa = PBXFileReference; lastKnownFileType = wrapper.framework; name = CoreData.framework; path = System/Library/Frameworks/CoreData.framework; sourceTree = SDKROOT; };
		83B988B218B256F2009AA6E7 /* Drift-Info.plist */ = {isa = PBXFileReference; lastKnownFileType = text.plist.xml; path = "Drift-Info.plist"; sourceTree = "<group>"; };
		83B988B418B256F2009AA6E7 /* en */ = {isa = PBXFileReference; lastKnownFileType = text.plist.strings; name = en; path = en.lproj/InfoPlist.strings; sourceTree = "<group>"; };
		83B988B618B256F2009AA6E7 /* main.m */ = {isa = PBXFileReference; lastKnownFileType = sourcecode.c.objc; path = main.m; sourceTree = "<group>"; };
		83B988B818B256F2009AA6E7 /* Drift-Prefix.pch */ = {isa = PBXFileReference; lastKnownFileType = sourcecode.c.h; path = "Drift-Prefix.pch"; sourceTree = "<group>"; };
		83B988B918B256F2009AA6E7 /* DRAppDelegate.h */ = {isa = PBXFileReference; lastKnownFileType = sourcecode.c.h; path = DRAppDelegate.h; sourceTree = "<group>"; };
		83B988BA18B256F2009AA6E7 /* DRAppDelegate.m */ = {isa = PBXFileReference; lastKnownFileType = sourcecode.c.objc; path = DRAppDelegate.m; sourceTree = "<group>"; };
		83B988BF18B256F2009AA6E7 /* Images.xcassets */ = {isa = PBXFileReference; lastKnownFileType = folder.assetcatalog; path = Images.xcassets; sourceTree = "<group>"; };
		83B988C518B256F2009AA6E7 /* DriftTests.xctest */ = {isa = PBXFileReference; explicitFileType = wrapper.cfbundle; includeInIndex = 0; path = DriftTests.xctest; sourceTree = BUILT_PRODUCTS_DIR; };
		83B988C618B256F2009AA6E7 /* XCTest.framework */ = {isa = PBXFileReference; lastKnownFileType = wrapper.framework; name = XCTest.framework; path = Library/Frameworks/XCTest.framework; sourceTree = DEVELOPER_DIR; };
		83B988CF18B256F2009AA6E7 /* DriftTests-Info.plist */ = {isa = PBXFileReference; lastKnownFileType = text.plist.xml; path = "DriftTests-Info.plist"; sourceTree = "<group>"; };
		83B988D118B256F2009AA6E7 /* en */ = {isa = PBXFileReference; lastKnownFileType = text.plist.strings; name = en; path = en.lproj/InfoPlist.strings; sourceTree = "<group>"; };
		83B988D318B256F2009AA6E7 /* DriftTests.m */ = {isa = PBXFileReference; lastKnownFileType = sourcecode.c.objc; path = DriftTests.m; sourceTree = "<group>"; };
		83DCECC618C7BE7F004D0B34 /* DRDistanceFormatter.h */ = {isa = PBXFileReference; fileEncoding = 4; lastKnownFileType = sourcecode.c.h; path = DRDistanceFormatter.h; sourceTree = "<group>"; };
		83DCECC718C7BE7F004D0B34 /* DRDistanceFormatter.m */ = {isa = PBXFileReference; fileEncoding = 4; lastKnownFileType = sourcecode.c.objc; path = DRDistanceFormatter.m; sourceTree = "<group>"; };
		83DCECC918C7C1DD004D0B34 /* DRAcousticFeedbackViewController.h */ = {isa = PBXFileReference; fileEncoding = 4; lastKnownFileType = sourcecode.c.h; path = DRAcousticFeedbackViewController.h; sourceTree = "<group>"; };
		83DCECCA18C7C1DD004D0B34 /* DRAcousticFeedbackViewController.m */ = {isa = PBXFileReference; fileEncoding = 4; lastKnownFileType = sourcecode.c.objc; path = DRAcousticFeedbackViewController.m; sourceTree = "<group>"; };
		83DCECCC18C7CD6F004D0B34 /* DRVariableManager.h */ = {isa = PBXFileReference; fileEncoding = 4; lastKnownFileType = sourcecode.c.h; path = DRVariableManager.h; sourceTree = "<group>"; };
		83DCECCD18C7CD6F004D0B34 /* DRVariableManager.m */ = {isa = PBXFileReference; fileEncoding = 4; lastKnownFileType = sourcecode.c.objc; path = DRVariableManager.m; sourceTree = "<group>"; };
		83FF2BAD18C8A6C70011E79F /* DRNewPathViewController.h */ = {isa = PBXFileReference; fileEncoding = 4; lastKnownFileType = sourcecode.c.h; path = DRNewPathViewController.h; sourceTree = "<group>"; };
		83FF2BAE18C8A6C70011E79F /* DRNewPathViewController.m */ = {isa = PBXFileReference; fileEncoding = 4; lastKnownFileType = sourcecode.c.objc; path = DRNewPathViewController.m; sourceTree = "<group>"; };
		83FF2BAF18C8A6C70011E79F /* DRNewPathViewController.xib */ = {isa = PBXFileReference; fileEncoding = 4; lastKnownFileType = file.xib; path = DRNewPathViewController.xib; sourceTree = "<group>"; };
		83FF2BB218C8AAA00011E79F /* DRTextField.h */ = {isa = PBXFileReference; fileEncoding = 4; lastKnownFileType = sourcecode.c.h; path = DRTextField.h; sourceTree = "<group>"; };
		83FF2BB318C8AAA00011E79F /* DRTextField.m */ = {isa = PBXFileReference; fileEncoding = 4; lastKnownFileType = sourcecode.c.objc; path = DRTextField.m; sourceTree = "<group>"; };
		83FF2BB518C8AF000011E79F /* DRGPSParser.h */ = {isa = PBXFileReference; fileEncoding = 4; lastKnownFileType = sourcecode.c.h; path = DRGPSParser.h; sourceTree = "<group>"; };
		83FF2BB618C8AF000011E79F /* DRGPSParser.m */ = {isa = PBXFileReference; fileEncoding = 4; lastKnownFileType = sourcecode.c.objc; path = DRGPSParser.m; sourceTree = "<group>"; };
		83FF2BB818C8ECD00011E79F /* DRChoosePathViewController.h */ = {isa = PBXFileReference; fileEncoding = 4; lastKnownFileType = sourcecode.c.h; path = DRChoosePathViewController.h; sourceTree = "<group>"; };
		83FF2BB918C8ECD10011E79F /* DRChoosePathViewController.m */ = {isa = PBXFileReference; fileEncoding = 4; lastKnownFileType = sourcecode.c.objc; path = DRChoosePathViewController.m; sourceTree = "<group>"; };
		83FF2BBB18C8FA850011E79F /* DRRunViewController.h */ = {isa = PBXFileReference; fileEncoding = 4; lastKnownFileType = sourcecode.c.h; path = DRRunViewController.h; sourceTree = "<group>"; };
		83FF2BBC18C8FA850011E79F /* DRRunViewController.m */ = {isa = PBXFileReference; fileEncoding = 4; lastKnownFileType = sourcecode.c.objc; path = DRRunViewController.m; sourceTree = "<group>"; };
		83FF2BBD18C8FA850011E79F /* DRRunViewController.xib */ = {isa = PBXFileReference; fileEncoding = 4; lastKnownFileType = file.xib; path = DRRunViewController.xib; sourceTree = "<group>"; };
		8EDFAB2D72D24F72BBCBD699 /* Pods.xcconfig */ = {isa = PBXFileReference; includeInIndex = 1; lastKnownFileType = text.xcconfig; name = Pods.xcconfig; path = Pods/Pods.xcconfig; sourceTree = "<group>"; };
/* End PBXFileReference section */

/* Begin PBXFrameworksBuildPhase section */
		83B988A218B256F1009AA6E7 /* Frameworks */ = {
			isa = PBXFrameworksBuildPhase;
			buildActionMask = 2147483647;
			files = (
				838D12CC18BCD2CF00675187 /* CoreLocation.framework in Frameworks */,
				83B988AB18B256F2009AA6E7 /* CoreGraphics.framework in Frameworks */,
				83B988AF18B256F2009AA6E7 /* CoreData.framework in Frameworks */,
				83B988AD18B256F2009AA6E7 /* UIKit.framework in Frameworks */,
				83B988A918B256F2009AA6E7 /* Foundation.framework in Frameworks */,
				97FFDB5FF92D437ABAD935A2 /* libPods.a in Frameworks */,
			);
			runOnlyForDeploymentPostprocessing = 0;
		};
		83B988C218B256F2009AA6E7 /* Frameworks */ = {
			isa = PBXFrameworksBuildPhase;
			buildActionMask = 2147483647;
			files = (
				83B988C718B256F2009AA6E7 /* XCTest.framework in Frameworks */,
				83B988CA18B256F2009AA6E7 /* CoreData.framework in Frameworks */,
				83B988C918B256F2009AA6E7 /* UIKit.framework in Frameworks */,
				83B988C818B256F2009AA6E7 /* Foundation.framework in Frameworks */,
				2CD64F62050C4DB5BE0CC1CA /* libPods-DriftTests.a in Frameworks */,
			);
			runOnlyForDeploymentPostprocessing = 0;
		};
/* End PBXFrameworksBuildPhase section */

/* Begin PBXGroup section */
		8376E5F218B7A335005CFB78 /* Model */ = {
			isa = PBXGroup;
			children = (
				8376E60918B7A489005CFB78 /* DRModel.h */,
				83B2779618C9FEF7009AA3B4 /* DRDrift.h */,
				83B2779718C9FEF7009AA3B4 /* DRDrift.m */,
				8392239918BE5371003929A0 /* DRDataProcessor.h */,
				8392239A18BE5371003929A0 /* DRDataProcessor.m */,
				8392239618BE51E6003929A0 /* DRLocationManager.h */,
				8392239718BE51E6003929A0 /* DRLocationManager.m */,
				8376E5F318B7A335005CFB78 /* Drift.xcdatamodeld */,
				8382941A18C779D2003F1FF6 /* SSManagedObject.h */,
				8382941B18C779D2003F1FF6 /* SSManagedObject.m */,
				8376E60018B7A464005CFB78 /* Mogenerator */,
				8376E5FB18B7A464005CFB78 /* Entities */,
			);
			path = Model;
			sourceTree = "<group>";
		};
		8376E5FB18B7A464005CFB78 /* Entities */ = {
			isa = PBXGroup;
			children = (
				8376E5FC18B7A464005CFB78 /* DRPath.h */,
				8376E5FD18B7A464005CFB78 /* DRPath.m */,
				8376E5FE18B7A464005CFB78 /* DRRun.h */,
				8376E5FF18B7A464005CFB78 /* DRRun.m */,
			);
			path = Entities;
			sourceTree = "<group>";
		};
		8376E60018B7A464005CFB78 /* Mogenerator */ = {
			isa = PBXGroup;
			children = (
				8376E60118B7A464005CFB78 /* _DRPath.h */,
				8376E60218B7A464005CFB78 /* _DRPath.m */,
				8376E60318B7A464005CFB78 /* _DRRun.h */,
				8376E60418B7A464005CFB78 /* _DRRun.m */,
			);
			path = Mogenerator;
			sourceTree = "<group>";
		};
		8382941718C77653003F1FF6 /* Images */ = {
			isa = PBXGroup;
			children = (
				8382941818C77653003F1FF6 /* Play@2x.png */,
			);
			path = Images;
			sourceTree = "<group>";
		};
		8382942018C78908003F1FF6 /* Runs */ = {
			isa = PBXGroup;
			children = (
				8382942318C78908003F1FF6 /* DRRunsViewController.h */,
				8382942418C78908003F1FF6 /* DRRunsViewController.m */,
				8382942518C78908003F1FF6 /* DRRunsViewController.xib */,
				8382942118C78908003F1FF6 /* DRShowPathsTableViewCell.h */,
				8382942218C78908003F1FF6 /* DRShowPathsTableViewCell.m */,
				8382942618C78908003F1FF6 /* DRRunTableViewCell.h */,
				8382942718C78908003F1FF6 /* DRRunTableViewCell.m */,
				83FF2BBB18C8FA850011E79F /* DRRunViewController.h */,
				83FF2BBC18C8FA850011E79F /* DRRunViewController.m */,
				83FF2BBD18C8FA850011E79F /* DRRunViewController.xib */,
			);
			path = Runs;
			sourceTree = "<group>";
		};
		8382942C18C78925003F1FF6 /* Paths */ = {
			isa = PBXGroup;
			children = (
				8382942D18C7893C003F1FF6 /* DRPathsViewController.h */,
				8382942E18C7893C003F1FF6 /* DRPathsViewController.m */,
				8382942F18C7893C003F1FF6 /* DRPathsViewController.xib */,
				8382943218C78A0B003F1FF6 /* DRPathTableViewCell.h */,
				8382943318C78A0B003F1FF6 /* DRPathTableViewCell.m */,
				83FF2BB818C8ECD00011E79F /* DRChoosePathViewController.h */,
				83FF2BB918C8ECD10011E79F /* DRChoosePathViewController.m */,
				83FF2BAD18C8A6C70011E79F /* DRNewPathViewController.h */,
				83FF2BAE18C8A6C70011E79F /* DRNewPathViewController.m */,
				83FF2BAF18C8A6C70011E79F /* DRNewPathViewController.xib */,
			);
			path = Paths;
			sourceTree = "<group>";
		};
		8384DE7818C5448C002B551B /* Icons */ = {
			isa = PBXGroup;
			children = (
				8384DE7918C544B0002B551B /* BRAddIcon.h */,
				8384DE7A18C544B0002B551B /* BRAddIcon.m */,
				83B2779F18CA2024009AA3B4 /* DRSpeaker.h */,
				83B277A018CA2024009AA3B4 /* DRSpeaker.m */,
				8384DE7B18C544B0002B551B /* BRBackArrow.h */,
				8384DE7C18C544B0002B551B /* BRBackArrow.m */,
				8384DE7D18C544B0002B551B /* BRCancelIcon.h */,
				8384DE7E18C544B0002B551B /* BRCancelIcon.m */,
				8384DE7F18C544B0002B551B /* BRCheckmarkIcon.h */,
				8384DE8018C544B0002B551B /* BRCheckmarkIcon.m */,
				8384DE8118C544B0002B551B /* BRDisclosureIcon.h */,
				8384DE8218C544B0002B551B /* BRDisclosureIcon.m */,
				8384DE8318C544B0002B551B /* BRDrawing.h */,
				8384DE8418C544B0002B551B /* BRDrawing.m */,
			);
			path = Icons;
			sourceTree = "<group>";
		};
		8384DEA018C62910002B551B /* Fonts */ = {
			isa = PBXGroup;
			children = (
				8382941218C7729D003F1FF6 /* OpenSans-Bold.ttf */,
				8384DEA318C6298B002B551B /* OpenSans-Regular.ttf */,
				8384DEA118C62910002B551B /* OpenSans-Semibold.ttf */,
			);
			path = Fonts;
			sourceTree = "<group>";
		};
		8384DEA518C6305A002B551B /* Feedback */ = {
			isa = PBXGroup;
			children = (
				8384DEA618C6305A002B551B /* DRFeedbackModule.h */,
				8384DEA718C6305A002B551B /* DRFeedbackViewController.h */,
				8384DEA818C6305A002B551B /* DRFeedbackViewController.m */,
				8384DEA918C6305A002B551B /* DRFeedbackViewController.xib */,
				8384DEAC18C631D9002B551B /* DRGPSStrengthView.h */,
				8384DEAD18C631D9002B551B /* DRGPSStrengthView.m */,
				8384DEB218C639EF002B551B /* DRVisualFeedbackViewController.h */,
				8384DEB318C639EF002B551B /* DRVisualFeedbackViewController.m */,
				8384DEB518C63B85002B551B /* DRPathView.h */,
				8384DEB618C63B85002B551B /* DRPathView.m */,
				83DCECC918C7C1DD004D0B34 /* DRAcousticFeedbackViewController.h */,
				83DCECCA18C7C1DD004D0B34 /* DRAcousticFeedbackViewController.m */,
				83B2779C18CA0F43009AA3B4 /* DRCountdownCircle.h */,
				83B2779D18CA0F43009AA3B4 /* DRCountdownCircle.m */,
			);
			path = Feedback;
			sourceTree = "<group>";
		};
		838D12C618BCD23E00675187 /* Controllers */ = {
			isa = PBXGroup;
			children = (
				8382940918C769B6003F1FF6 /* DRTableViewCell.h */,
				8382940A18C769B6003F1FF6 /* DRTableViewCell.m */,
				8384DEA518C6305A002B551B /* Feedback */,
				8382942018C78908003F1FF6 /* Runs */,
				8382942C18C78925003F1FF6 /* Paths */,
			);
			path = Controllers;
			sourceTree = "<group>";
		};
		838D12C718BCD24800675187 /* Utilities */ = {
			isa = PBXGroup;
			children = (
				8392239C18BE5466003929A0 /* DRMacros.h */,
				83DCECCC18C7CD6F004D0B34 /* DRVariableManager.h */,
				83DCECCD18C7CD6F004D0B34 /* DRVariableManager.m */,
				8384DE6F18C5419E002B551B /* DRTheme.h */,
				8384DE7018C5419E002B551B /* DRTheme.m */,
				838D12C818BCD2AB00675187 /* CLLocation+DRExtensions.h */,
				838D12C918BCD2AB00675187 /* CLLocation+DRExtensions.m */,
				838D12CD18BCD41200675187 /* NSArray+DRExtensions.h */,
				838D12CE18BCD41200675187 /* NSArray+DRExtensions.m */,
				8384DE6C18C53DB9002B551B /* UIColor+Hex.h */,
				8384DE6D18C53DB9002B551B /* UIColor+Hex.m */,
				8384DE7518C54306002B551B /* UIColor+Extensions.h */,
				8384DE7618C54306002B551B /* UIColor+Extensions.m */,
				8384DE7218C542A2002B551B /* DRNavigationBar.h */,
				8384DE7318C542A2002B551B /* DRNavigationBar.m */,
				8384DE8B18C544D7002B551B /* UIView+Image.h */,
				8384DE8C18C544D7002B551B /* UIView+Image.m */,
				8384DE8E18C621C9002B551B /* BRButton.h */,
				8384DE8F18C621C9002B551B /* BRButton.m */,
				8384DE9018C621C9002B551B /* BROverlayView.h */,
				8384DE9118C621C9002B551B /* BROverlayView.m */,
				8384DE9218C621C9002B551B /* SIAlertView.h */,
				8384DE9318C621C9002B551B /* SIAlertView.m */,
				8384DE9A18C624E2002B551B /* CALayer+KeyframeAnimations.h */,
				8384DE9B18C624E2002B551B /* CALayer+KeyframeAnimations.m */,
				8384DE9D18C62514002B551B /* UIImage+ImageEffects.h */,
				8384DE9E18C62514002B551B /* UIImage+ImageEffects.m */,
				8384DEAF18C63399002B551B /* NSDate+Utilities.h */,
				8384DEB018C63399002B551B /* NSDate+Utilities.m */,
				8382941D18C77A24003F1FF6 /* NSString+UniqueIdentifier.h */,
				8382941E18C77A24003F1FF6 /* NSString+UniqueIdentifier.m */,
				83DCECC618C7BE7F004D0B34 /* DRDistanceFormatter.h */,
				83DCECC718C7BE7F004D0B34 /* DRDistanceFormatter.m */,
				83FF2BB218C8AAA00011E79F /* DRTextField.h */,
				83FF2BB318C8AAA00011E79F /* DRTextField.m */,
				83FF2BB518C8AF000011E79F /* DRGPSParser.h */,
				83FF2BB618C8AF000011E79F /* DRGPSParser.m */,
				83B2779918CA0D3D009AA3B4 /* NSNumber+Extensions.h */,
				83B2779A18CA0D3D009AA3B4 /* NSNumber+Extensions.m */,
			);
			path = Utilities;
			sourceTree = "<group>";
		};
		83B9889C18B256F1009AA6E7 = {
			isa = PBXGroup;
			children = (
				83B988B018B256F2009AA6E7 /* Drift */,
				83B988CD18B256F2009AA6E7 /* DriftTests */,
				83B988A718B256F2009AA6E7 /* Frameworks */,
				83B988A618B256F2009AA6E7 /* Products */,
				8EDFAB2D72D24F72BBCBD699 /* Pods.xcconfig */,
				216CFFB8B4AC4BA499CC087A /* Pods-DriftTests.xcconfig */,
			);
			sourceTree = "<group>";
		};
		83B988A618B256F2009AA6E7 /* Products */ = {
			isa = PBXGroup;
			children = (
				83B988A518B256F2009AA6E7 /* Drift.app */,
				83B988C518B256F2009AA6E7 /* DriftTests.xctest */,
			);
			name = Products;
			sourceTree = "<group>";
		};
		83B988A718B256F2009AA6E7 /* Frameworks */ = {
			isa = PBXGroup;
			children = (
				838D12CB18BCD2CF00675187 /* CoreLocation.framework */,
				83B988A818B256F2009AA6E7 /* Foundation.framework */,
				83B988AA18B256F2009AA6E7 /* CoreGraphics.framework */,
				83B988AC18B256F2009AA6E7 /* UIKit.framework */,
				83B988AE18B256F2009AA6E7 /* CoreData.framework */,
				83B988C618B256F2009AA6E7 /* XCTest.framework */,
				6182D03EDE384F918A26C950 /* libPods.a */,
				42A338CB7525492CA914F2AF /* libPods-DriftTests.a */,
			);
			name = Frameworks;
			sourceTree = "<group>";
		};
		83B988B018B256F2009AA6E7 /* Drift */ = {
			isa = PBXGroup;
			children = (
				83B988B918B256F2009AA6E7 /* DRAppDelegate.h */,
				83B988BA18B256F2009AA6E7 /* DRAppDelegate.m */,
				838D12C618BCD23E00675187 /* Controllers */,
				838D12C718BCD24800675187 /* Utilities */,
				8384DE7818C5448C002B551B /* Icons */,
				8376E5F218B7A335005CFB78 /* Model */,
				8384DEA018C62910002B551B /* Fonts */,
				8382941718C77653003F1FF6 /* Images */,
				83B988BF18B256F2009AA6E7 /* Images.xcassets */,
				83B988B118B256F2009AA6E7 /* Supporting Files */,
			);
			path = Drift;
			sourceTree = "<group>";
		};
		83B988B118B256F2009AA6E7 /* Supporting Files */ = {
			isa = PBXGroup;
			children = (
				83B988B218B256F2009AA6E7 /* Drift-Info.plist */,
				83B988B318B256F2009AA6E7 /* InfoPlist.strings */,
				83B988B618B256F2009AA6E7 /* main.m */,
				83B988B818B256F2009AA6E7 /* Drift-Prefix.pch */,
			);
			name = "Supporting Files";
			sourceTree = "<group>";
		};
		83B988CD18B256F2009AA6E7 /* DriftTests */ = {
			isa = PBXGroup;
			children = (
				83B988D318B256F2009AA6E7 /* DriftTests.m */,
				83B988CE18B256F2009AA6E7 /* Supporting Files */,
			);
			path = DriftTests;
			sourceTree = "<group>";
		};
		83B988CE18B256F2009AA6E7 /* Supporting Files */ = {
			isa = PBXGroup;
			children = (
				83B988CF18B256F2009AA6E7 /* DriftTests-Info.plist */,
				83B988D018B256F2009AA6E7 /* InfoPlist.strings */,
			);
			name = "Supporting Files";
			sourceTree = "<group>";
		};
/* End PBXGroup section */

/* Begin PBXNativeTarget section */
		83B988A418B256F1009AA6E7 /* Drift */ = {
			isa = PBXNativeTarget;
			buildConfigurationList = 83B988D718B256F2009AA6E7 /* Build configuration list for PBXNativeTarget "Drift" */;
			buildPhases = (
				18703BA46FFC49A48E8159B8 /* Check Pods Manifest.lock */,
				83B988A118B256F1009AA6E7 /* Sources */,
				83B988A218B256F1009AA6E7 /* Frameworks */,
				83B988A318B256F1009AA6E7 /* Resources */,
				AEA3D04677844A349DFAD143 /* Copy Pods Resources */,
			);
			buildRules = (
			);
			dependencies = (
			);
			name = Drift;
			productName = Drift;
			productReference = 83B988A518B256F2009AA6E7 /* Drift.app */;
			productType = "com.apple.product-type.application";
		};
		83B988C418B256F2009AA6E7 /* DriftTests */ = {
			isa = PBXNativeTarget;
			buildConfigurationList = 83B988DA18B256F2009AA6E7 /* Build configuration list for PBXNativeTarget "DriftTests" */;
			buildPhases = (
				221B032CF64B4175A853B2D3 /* Check Pods Manifest.lock */,
				83B988C118B256F2009AA6E7 /* Sources */,
				83B988C218B256F2009AA6E7 /* Frameworks */,
				83B988C318B256F2009AA6E7 /* Resources */,
				42F225E2D0D3441DAE10604A /* Copy Pods Resources */,
			);
			buildRules = (
			);
			dependencies = (
				83B988CC18B256F2009AA6E7 /* PBXTargetDependency */,
			);
			name = DriftTests;
			productName = DriftTests;
			productReference = 83B988C518B256F2009AA6E7 /* DriftTests.xctest */;
			productType = "com.apple.product-type.bundle.unit-test";
		};
/* End PBXNativeTarget section */

/* Begin PBXProject section */
		83B9889D18B256F1009AA6E7 /* Project object */ = {
			isa = PBXProject;
			attributes = {
				CLASSPREFIX = DR;
				LastUpgradeCheck = 0500;
				ORGANIZATIONNAME = "Christoph Albert";
				TargetAttributes = {
					83B988C418B256F2009AA6E7 = {
						TestTargetID = 83B988A418B256F1009AA6E7;
					};
				};
			};
			buildConfigurationList = 83B988A018B256F1009AA6E7 /* Build configuration list for PBXProject "Drift" */;
			compatibilityVersion = "Xcode 3.2";
			developmentRegion = English;
			hasScannedForEncodings = 0;
			knownRegions = (
				en,
			);
			mainGroup = 83B9889C18B256F1009AA6E7;
			productRefGroup = 83B988A618B256F2009AA6E7 /* Products */;
			projectDirPath = "";
			projectRoot = "";
			targets = (
				83B988A418B256F1009AA6E7 /* Drift */,
				83B988C418B256F2009AA6E7 /* DriftTests */,
				8376E5F618B7A378005CFB78 /* Mogenerator */,
			);
		};
/* End PBXProject section */

/* Begin PBXResourcesBuildPhase section */
		83B988A318B256F1009AA6E7 /* Resources */ = {
			isa = PBXResourcesBuildPhase;
			buildActionMask = 2147483647;
			files = (
				8384DEA418C6298B002B551B /* OpenSans-Regular.ttf in Resources */,
				8382941318C7729D003F1FF6 /* OpenSans-Bold.ttf in Resources */,
				8384DEA218C62910002B551B /* OpenSans-Semibold.ttf in Resources */,
				8384DEAB18C6305A002B551B /* DRFeedbackViewController.xib in Resources */,
				83FF2BB118C8A6C70011E79F /* DRNewPathViewController.xib in Resources */,
				83B988B518B256F2009AA6E7 /* InfoPlist.strings in Resources */,
				8382941918C77653003F1FF6 /* Play@2x.png in Resources */,
				83FF2BBF18C8FA850011E79F /* DRRunViewController.xib in Resources */,
				8382942A18C78908003F1FF6 /* DRRunsViewController.xib in Resources */,
				83B988C018B256F2009AA6E7 /* Images.xcassets in Resources */,
				8382943118C7893C003F1FF6 /* DRPathsViewController.xib in Resources */,
			);
			runOnlyForDeploymentPostprocessing = 0;
		};
		83B988C318B256F2009AA6E7 /* Resources */ = {
			isa = PBXResourcesBuildPhase;
			buildActionMask = 2147483647;
			files = (
				83B988D218B256F2009AA6E7 /* InfoPlist.strings in Resources */,
			);
			runOnlyForDeploymentPostprocessing = 0;
		};
/* End PBXResourcesBuildPhase section */

/* Begin PBXShellScriptBuildPhase section */
		18703BA46FFC49A48E8159B8 /* Check Pods Manifest.lock */ = {
			isa = PBXShellScriptBuildPhase;
			buildActionMask = 2147483647;
			files = (
			);
			inputPaths = (
			);
			name = "Check Pods Manifest.lock";
			outputPaths = (
			);
			runOnlyForDeploymentPostprocessing = 0;
			shellPath = /bin/sh;
			shellScript = "diff \"${PODS_ROOT}/../Podfile.lock\" \"${PODS_ROOT}/Manifest.lock\" > /dev/null\nif [[ $? != 0 ]] ; then\n    cat << EOM\nerror: The sandbox is not in sync with the Podfile.lock. Run 'pod install' or update your CocoaPods installation.\nEOM\n    exit 1\nfi\n";
			showEnvVarsInLog = 0;
		};
		221B032CF64B4175A853B2D3 /* Check Pods Manifest.lock */ = {
			isa = PBXShellScriptBuildPhase;
			buildActionMask = 2147483647;
			files = (
			);
			inputPaths = (
			);
			name = "Check Pods Manifest.lock";
			outputPaths = (
			);
			runOnlyForDeploymentPostprocessing = 0;
			shellPath = /bin/sh;
			shellScript = "diff \"${PODS_ROOT}/../Podfile.lock\" \"${PODS_ROOT}/Manifest.lock\" > /dev/null\nif [[ $? != 0 ]] ; then\n    cat << EOM\nerror: The sandbox is not in sync with the Podfile.lock. Run 'pod install' or update your CocoaPods installation.\nEOM\n    exit 1\nfi\n";
			showEnvVarsInLog = 0;
		};
		42F225E2D0D3441DAE10604A /* Copy Pods Resources */ = {
			isa = PBXShellScriptBuildPhase;
			buildActionMask = 2147483647;
			files = (
			);
			inputPaths = (
			);
			name = "Copy Pods Resources";
			outputPaths = (
			);
			runOnlyForDeploymentPostprocessing = 0;
			shellPath = /bin/sh;
			shellScript = "\"${SRCROOT}/Pods/Pods-DriftTests-resources.sh\"\n";
			showEnvVarsInLog = 0;
		};
		8376E5FA18B7A394005CFB78 /* ShellScript */ = {
			isa = PBXShellScriptBuildPhase;
			buildActionMask = 2147483647;
			files = (
			);
			inputPaths = (
			);
			outputPaths = (
			);
			runOnlyForDeploymentPostprocessing = 0;
			shellPath = /bin/sh;
			shellScript = "mogenerator -m Drift/Model/Drift.xcdatamodeld/Drift.xcdatamodel -H Drift/Model/Entities -M Drift/Model/Mogenerator —template-path Drift/Model/Templates --template-var arc=true";
		};
		AEA3D04677844A349DFAD143 /* Copy Pods Resources */ = {
			isa = PBXShellScriptBuildPhase;
			buildActionMask = 2147483647;
			files = (
			);
			inputPaths = (
			);
			name = "Copy Pods Resources";
			outputPaths = (
			);
			runOnlyForDeploymentPostprocessing = 0;
			shellPath = /bin/sh;
			shellScript = "\"${SRCROOT}/Pods/Pods-resources.sh\"\n";
			showEnvVarsInLog = 0;
		};
/* End PBXShellScriptBuildPhase section */

/* Begin PBXSourcesBuildPhase section */
		83B988A118B256F1009AA6E7 /* Sources */ = {
			isa = PBXSourcesBuildPhase;
			buildActionMask = 2147483647;
			files = (
				8384DE9618C621C9002B551B /* SIAlertView.m in Sources */,
				8384DE9418C621C9002B551B /* BRButton.m in Sources */,
				8384DEB418C639EF002B551B /* DRVisualFeedbackViewController.m in Sources */,
				83B2779B18CA0D3D009AA3B4 /* NSNumber+Extensions.m in Sources */,
				8382941F18C77A24003F1FF6 /* NSString+UniqueIdentifier.m in Sources */,
				8382942818C78908003F1FF6 /* DRShowPathsTableViewCell.m in Sources */,
				8384DE8818C544B0002B551B /* BRCheckmarkIcon.m in Sources */,
				83B277A118CA2024009AA3B4 /* DRSpeaker.m in Sources */,
				8384DE8718C544B0002B551B /* BRCancelIcon.m in Sources */,
				8384DEB718C63B85002B551B /* DRPathView.m in Sources */,
				8376E60618B7A464005CFB78 /* DRRun.m in Sources */,
				83B988BB18B256F2009AA6E7 /* DRAppDelegate.m in Sources */,
				83FF2BBE18C8FA850011E79F /* DRRunViewController.m in Sources */,
				8384DE9C18C624E2002B551B /* CALayer+KeyframeAnimations.m in Sources */,
				8382940B18C769B6003F1FF6 /* DRTableViewCell.m in Sources */,
				838D12CF18BCD41200675187 /* NSArray+DRExtensions.m in Sources */,
				83FF2BB718C8AF000011E79F /* DRGPSParser.m in Sources */,
				83B988B718B256F2009AA6E7 /* main.m in Sources */,
				8392239B18BE5371003929A0 /* DRDataProcessor.m in Sources */,
				8376E60818B7A464005CFB78 /* _DRRun.m in Sources */,
				83B2779E18CA0F43009AA3B4 /* DRCountdownCircle.m in Sources */,
				8384DEAA18C6305A002B551B /* DRFeedbackViewController.m in Sources */,
				8382943018C7893C003F1FF6 /* DRPathsViewController.m in Sources */,
				8376E60518B7A464005CFB78 /* DRPath.m in Sources */,
				8384DE7418C542A2002B551B /* DRNavigationBar.m in Sources */,
				8382942B18C78908003F1FF6 /* DRRunTableViewCell.m in Sources */,
				8384DEAE18C631D9002B551B /* DRGPSStrengthView.m in Sources */,
				83DCECCE18C7CD6F004D0B34 /* DRVariableManager.m in Sources */,
				8382943418C78A0B003F1FF6 /* DRPathTableViewCell.m in Sources */,
				8384DE8618C544B0002B551B /* BRBackArrow.m in Sources */,
				8384DE8918C544B0002B551B /* BRDisclosureIcon.m in Sources */,
				8392239818BE51E6003929A0 /* DRLocationManager.m in Sources */,
				83FF2BB418C8AAA00011E79F /* DRTextField.m in Sources */,
				83B2779818C9FEF7009AA3B4 /* DRDrift.m in Sources */,
				8384DE9F18C62514002B551B /* UIImage+ImageEffects.m in Sources */,
				83FF2BB018C8A6C70011E79F /* DRNewPathViewController.m in Sources */,
				8384DEB118C63399002B551B /* NSDate+Utilities.m in Sources */,
				8384DE8A18C544B0002B551B /* BRDrawing.m in Sources */,
				838D12CA18BCD2AB00675187 /* CLLocation+DRExtensions.m in Sources */,
				8376E60718B7A464005CFB78 /* _DRPath.m in Sources */,
				8384DE8D18C544D7002B551B /* UIView+Image.m in Sources */,
				8384DE6E18C53DB9002B551B /* UIColor+Hex.m in Sources */,
				8384DE7718C54306002B551B /* UIColor+Extensions.m in Sources */,
				83FF2BBA18C8ECD10011E79F /* DRChoosePathViewController.m in Sources */,
				8384DE9518C621C9002B551B /* BROverlayView.m in Sources */,
				83DCECC818C7BE7F004D0B34 /* DRDistanceFormatter.m in Sources */,
				83DCECCB18C7C1DD004D0B34 /* DRAcousticFeedbackViewController.m in Sources */,
				8384DE7118C5419E002B551B /* DRTheme.m in Sources */,
				8382941C18C779D2003F1FF6 /* SSManagedObject.m in Sources */,
				8382942918C78908003F1FF6 /* DRRunsViewController.m in Sources */,
				8384DE8518C544B0002B551B /* BRAddIcon.m in Sources */,
				8376E5F518B7A335005CFB78 /* Drift.xcdatamodeld in Sources */,
			);
			runOnlyForDeploymentPostprocessing = 0;
		};
		83B988C118B256F2009AA6E7 /* Sources */ = {
			isa = PBXSourcesBuildPhase;
			buildActionMask = 2147483647;
			files = (
				83B988D418B256F2009AA6E7 /* DriftTests.m in Sources */,
			);
			runOnlyForDeploymentPostprocessing = 0;
		};
/* End PBXSourcesBuildPhase section */

/* Begin PBXTargetDependency section */
		83B988CC18B256F2009AA6E7 /* PBXTargetDependency */ = {
			isa = PBXTargetDependency;
			target = 83B988A418B256F1009AA6E7 /* Drift */;
			targetProxy = 83B988CB18B256F2009AA6E7 /* PBXContainerItemProxy */;
		};
/* End PBXTargetDependency section */

/* Begin PBXVariantGroup section */
		83B988B318B256F2009AA6E7 /* InfoPlist.strings */ = {
			isa = PBXVariantGroup;
			children = (
				83B988B418B256F2009AA6E7 /* en */,
			);
			name = InfoPlist.strings;
			sourceTree = "<group>";
		};
		83B988D018B256F2009AA6E7 /* InfoPlist.strings */ = {
			isa = PBXVariantGroup;
			children = (
				83B988D118B256F2009AA6E7 /* en */,
			);
			name = InfoPlist.strings;
			sourceTree = "<group>";
		};
/* End PBXVariantGroup section */

/* Begin XCBuildConfiguration section */
		8376E5F818B7A378005CFB78 /* Debug */ = {
			isa = XCBuildConfiguration;
			buildSettings = {
				PRODUCT_NAME = "$(TARGET_NAME)";
			};
			name = Debug;
		};
		8376E5F918B7A378005CFB78 /* Release */ = {
			isa = XCBuildConfiguration;
			buildSettings = {
				PRODUCT_NAME = "$(TARGET_NAME)";
			};
			name = Release;
		};
		83B988D518B256F2009AA6E7 /* Debug */ = {
			isa = XCBuildConfiguration;
			buildSettings = {
				ALWAYS_SEARCH_USER_PATHS = NO;
				ARCHS = "$(ARCHS_STANDARD_INCLUDING_64_BIT)";
				CLANG_CXX_LANGUAGE_STANDARD = "gnu++0x";
				CLANG_CXX_LIBRARY = "libc++";
				CLANG_ENABLE_MODULES = YES;
				CLANG_ENABLE_OBJC_ARC = YES;
				CLANG_WARN_BOOL_CONVERSION = YES;
				CLANG_WARN_CONSTANT_CONVERSION = YES;
				CLANG_WARN_DIRECT_OBJC_ISA_USAGE = YES_ERROR;
				CLANG_WARN_EMPTY_BODY = YES;
				CLANG_WARN_ENUM_CONVERSION = YES;
				CLANG_WARN_INT_CONVERSION = YES;
				CLANG_WARN_OBJC_ROOT_CLASS = YES_ERROR;
				CLANG_WARN__DUPLICATE_METHOD_MATCH = YES;
				"CODE_SIGN_IDENTITY[sdk=iphoneos*]" = "iPhone Developer";
				COPY_PHASE_STRIP = NO;
				GCC_C_LANGUAGE_STANDARD = gnu99;
				GCC_DYNAMIC_NO_PIC = NO;
				GCC_OPTIMIZATION_LEVEL = 0;
				GCC_PREPROCESSOR_DEFINITIONS = (
					"DEBUG=1",
					"$(inherited)",
				);
				GCC_SYMBOLS_PRIVATE_EXTERN = NO;
				GCC_WARN_64_TO_32_BIT_CONVERSION = YES;
				GCC_WARN_ABOUT_RETURN_TYPE = YES_ERROR;
				GCC_WARN_UNDECLARED_SELECTOR = YES;
				GCC_WARN_UNINITIALIZED_AUTOS = YES;
				GCC_WARN_UNUSED_FUNCTION = YES;
				GCC_WARN_UNUSED_VARIABLE = YES;
				IPHONEOS_DEPLOYMENT_TARGET = 7.0;
				ONLY_ACTIVE_ARCH = YES;
				SDKROOT = iphoneos;
			};
			name = Debug;
		};
		83B988D618B256F2009AA6E7 /* Release */ = {
			isa = XCBuildConfiguration;
			buildSettings = {
				ALWAYS_SEARCH_USER_PATHS = NO;
				ARCHS = "$(ARCHS_STANDARD_INCLUDING_64_BIT)";
				CLANG_CXX_LANGUAGE_STANDARD = "gnu++0x";
				CLANG_CXX_LIBRARY = "libc++";
				CLANG_ENABLE_MODULES = YES;
				CLANG_ENABLE_OBJC_ARC = YES;
				CLANG_WARN_BOOL_CONVERSION = YES;
				CLANG_WARN_CONSTANT_CONVERSION = YES;
				CLANG_WARN_DIRECT_OBJC_ISA_USAGE = YES_ERROR;
				CLANG_WARN_EMPTY_BODY = YES;
				CLANG_WARN_ENUM_CONVERSION = YES;
				CLANG_WARN_INT_CONVERSION = YES;
				CLANG_WARN_OBJC_ROOT_CLASS = YES_ERROR;
				CLANG_WARN__DUPLICATE_METHOD_MATCH = YES;
				"CODE_SIGN_IDENTITY[sdk=iphoneos*]" = "iPhone Developer";
				COPY_PHASE_STRIP = YES;
				ENABLE_NS_ASSERTIONS = NO;
				GCC_C_LANGUAGE_STANDARD = gnu99;
				GCC_WARN_64_TO_32_BIT_CONVERSION = YES;
				GCC_WARN_ABOUT_RETURN_TYPE = YES_ERROR;
				GCC_WARN_UNDECLARED_SELECTOR = YES;
				GCC_WARN_UNINITIALIZED_AUTOS = YES;
				GCC_WARN_UNUSED_FUNCTION = YES;
				GCC_WARN_UNUSED_VARIABLE = YES;
				IPHONEOS_DEPLOYMENT_TARGET = 7.0;
				SDKROOT = iphoneos;
				VALIDATE_PRODUCT = YES;
			};
			name = Release;
		};
		83B988D818B256F2009AA6E7 /* Debug */ = {
			isa = XCBuildConfiguration;
			baseConfigurationReference = 8EDFAB2D72D24F72BBCBD699 /* Pods.xcconfig */;
			buildSettings = {
				ASSETCATALOG_COMPILER_APPICON_NAME = AppIcon;
				ASSETCATALOG_COMPILER_LAUNCHIMAGE_NAME = LaunchImage;
				GCC_PRECOMPILE_PREFIX_HEADER = YES;
				GCC_PREFIX_HEADER = "Drift/Drift-Prefix.pch";
				INFOPLIST_FILE = "Drift/Drift-Info.plist";
				PRODUCT_NAME = "$(TARGET_NAME)";
				WRAPPER_EXTENSION = app;
			};
			name = Debug;
		};
		83B988D918B256F2009AA6E7 /* Release */ = {
			isa = XCBuildConfiguration;
			baseConfigurationReference = 8EDFAB2D72D24F72BBCBD699 /* Pods.xcconfig */;
			buildSettings = {
				ASSETCATALOG_COMPILER_APPICON_NAME = AppIcon;
				ASSETCATALOG_COMPILER_LAUNCHIMAGE_NAME = LaunchImage;
				GCC_PRECOMPILE_PREFIX_HEADER = YES;
				GCC_PREFIX_HEADER = "Drift/Drift-Prefix.pch";
				INFOPLIST_FILE = "Drift/Drift-Info.plist";
				PRODUCT_NAME = "$(TARGET_NAME)";
				WRAPPER_EXTENSION = app;
			};
			name = Release;
		};
		83B988DB18B256F2009AA6E7 /* Debug */ = {
			isa = XCBuildConfiguration;
			baseConfigurationReference = 216CFFB8B4AC4BA499CC087A /* Pods-DriftTests.xcconfig */;
			buildSettings = {
				ARCHS = "$(ARCHS_STANDARD_INCLUDING_64_BIT)";
				BUNDLE_LOADER = "$(BUILT_PRODUCTS_DIR)/Drift.app/Drift";
				FRAMEWORK_SEARCH_PATHS = (
					"$(SDKROOT)/Developer/Library/Frameworks",
					"$(inherited)",
					"$(DEVELOPER_FRAMEWORKS_DIR)",
				);
				GCC_PRECOMPILE_PREFIX_HEADER = YES;
				GCC_PREFIX_HEADER = "Drift/Drift-Prefix.pch";
				GCC_PREPROCESSOR_DEFINITIONS = (
					"DEBUG=1",
					"$(inherited)",
				);
				INFOPLIST_FILE = "DriftTests/DriftTests-Info.plist";
				PRODUCT_NAME = "$(TARGET_NAME)";
				TEST_HOST = "$(BUNDLE_LOADER)";
				WRAPPER_EXTENSION = xctest;
			};
			name = Debug;
		};
		83B988DC18B256F2009AA6E7 /* Release */ = {
			isa = XCBuildConfiguration;
			baseConfigurationReference = 216CFFB8B4AC4BA499CC087A /* Pods-DriftTests.xcconfig */;
			buildSettings = {
				ARCHS = "$(ARCHS_STANDARD_INCLUDING_64_BIT)";
				BUNDLE_LOADER = "$(BUILT_PRODUCTS_DIR)/Drift.app/Drift";
				FRAMEWORK_SEARCH_PATHS = (
					"$(SDKROOT)/Developer/Library/Frameworks",
					"$(inherited)",
					"$(DEVELOPER_FRAMEWORKS_DIR)",
				);
				GCC_PRECOMPILE_PREFIX_HEADER = YES;
				GCC_PREFIX_HEADER = "Drift/Drift-Prefix.pch";
				INFOPLIST_FILE = "DriftTests/DriftTests-Info.plist";
				PRODUCT_NAME = "$(TARGET_NAME)";
				TEST_HOST = "$(BUNDLE_LOADER)";
				WRAPPER_EXTENSION = xctest;
			};
			name = Release;
		};
/* End XCBuildConfiguration section */

/* Begin XCConfigurationList section */
		8376E5F718B7A378005CFB78 /* Build configuration list for PBXAggregateTarget "Mogenerator" */ = {
			isa = XCConfigurationList;
			buildConfigurations = (
				8376E5F818B7A378005CFB78 /* Debug */,
				8376E5F918B7A378005CFB78 /* Release */,
			);
			defaultConfigurationIsVisible = 0;
			defaultConfigurationName = Release;
		};
		83B988A018B256F1009AA6E7 /* Build configuration list for PBXProject "Drift" */ = {
			isa = XCConfigurationList;
			buildConfigurations = (
				83B988D518B256F2009AA6E7 /* Debug */,
				83B988D618B256F2009AA6E7 /* Release */,
			);
			defaultConfigurationIsVisible = 0;
			defaultConfigurationName = Release;
		};
		83B988D718B256F2009AA6E7 /* Build configuration list for PBXNativeTarget "Drift" */ = {
			isa = XCConfigurationList;
			buildConfigurations = (
				83B988D818B256F2009AA6E7 /* Debug */,
				83B988D918B256F2009AA6E7 /* Release */,
			);
			defaultConfigurationIsVisible = 0;
			defaultConfigurationName = Release;
		};
		83B988DA18B256F2009AA6E7 /* Build configuration list for PBXNativeTarget "DriftTests" */ = {
			isa = XCConfigurationList;
			buildConfigurations = (
				83B988DB18B256F2009AA6E7 /* Debug */,
				83B988DC18B256F2009AA6E7 /* Release */,
			);
			defaultConfigurationIsVisible = 0;
			defaultConfigurationName = Release;
		};
/* End XCConfigurationList section */

/* Begin XCVersionGroup section */
		8376E5F318B7A335005CFB78 /* Drift.xcdatamodeld */ = {
			isa = XCVersionGroup;
			children = (
				8376E5F418B7A335005CFB78 /* Drift.xcdatamodel */,
			);
			currentVersion = 8376E5F418B7A335005CFB78 /* Drift.xcdatamodel */;
			path = Drift.xcdatamodeld;
			sourceTree = "<group>";
			versionGroupType = wrapper.xcdatamodel;
		};
/* End XCVersionGroup section */
	};
	rootObject = 83B9889D18B256F1009AA6E7 /* Project object */;
}
