// !$*UTF8*$!
{
	archiveVersion = 1;
	classes = {
	};
	objectVersion = 46;
	objects = {

/* Begin PBXAggregateTarget section */
		8376E5F618B7A378005CFB78 /* Mogenerator */ = {
			isa = PBXAggregateTarget;
			buildConfigurationList = 8376E5F718B7A378005CFB78 /* Build configuration list for PBXAggregateTarget "Mogenerator" */;
			buildPhases = (
				8376E5FA18B7A394005CFB78 /* ShellScript */,
			);
			dependencies = (
			);
			name = Mogenerator;
			productName = Mogenerator;
		};
/* End PBXAggregateTarget section */

/* Begin PBXBuildFile section */
		2CD64F62050C4DB5BE0CC1CA /* libPods-DriftTests.a in Frameworks */ = {isa = PBXBuildFile; fileRef = 42A338CB7525492CA914F2AF /* libPods-DriftTests.a */; };
		8376E5F518B7A335005CFB78 /* Drift.xcdatamodeld in Sources */ = {isa = PBXBuildFile; fileRef = 8376E5F318B7A335005CFB78 /* Drift.xcdatamodeld */; };
		8376E60518B7A464005CFB78 /* DRPath.m in Sources */ = {isa = PBXBuildFile; fileRef = 8376E5FD18B7A464005CFB78 /* DRPath.m */; };
		8376E60618B7A464005CFB78 /* DRRun.m in Sources */ = {isa = PBXBuildFile; fileRef = 8376E5FF18B7A464005CFB78 /* DRRun.m */; };
		8376E60718B7A464005CFB78 /* _DRPath.m in Sources */ = {isa = PBXBuildFile; fileRef = 8376E60218B7A464005CFB78 /* _DRPath.m */; };
		8376E60818B7A464005CFB78 /* _DRRun.m in Sources */ = {isa = PBXBuildFile; fileRef = 8376E60418B7A464005CFB78 /* _DRRun.m */; };
		838D12CA18BCD2AB00675187 /* CLLocation+DRExtensions.m in Sources */ = {isa = PBXBuildFile; fileRef = 838D12C918BCD2AB00675187 /* CLLocation+DRExtensions.m */; };
		838D12CC18BCD2CF00675187 /* CoreLocation.framework in Frameworks */ = {isa = PBXBuildFile; fileRef = 838D12CB18BCD2CF00675187 /* CoreLocation.framework */; };
		838D12CF18BCD41200675187 /* NSArray+DRExtensions.m in Sources */ = {isa = PBXBuildFile; fileRef = 838D12CE18BCD41200675187 /* NSArray+DRExtensions.m */; };
		83B988A918B256F2009AA6E7 /* Foundation.framework in Frameworks */ = {isa = PBXBuildFile; fileRef = 83B988A818B256F2009AA6E7 /* Foundation.framework */; };
		83B988AB18B256F2009AA6E7 /* CoreGraphics.framework in Frameworks */ = {isa = PBXBuildFile; fileRef = 83B988AA18B256F2009AA6E7 /* CoreGraphics.framework */; };
		83B988AD18B256F2009AA6E7 /* UIKit.framework in Frameworks */ = {isa = PBXBuildFile; fileRef = 83B988AC18B256F2009AA6E7 /* UIKit.framework */; };
		83B988AF18B256F2009AA6E7 /* CoreData.framework in Frameworks */ = {isa = PBXBuildFile; fileRef = 83B988AE18B256F2009AA6E7 /* CoreData.framework */; };
		83B988B518B256F2009AA6E7 /* InfoPlist.strings in Resources */ = {isa = PBXBuildFile; fileRef = 83B988B318B256F2009AA6E7 /* InfoPlist.strings */; };
		83B988B718B256F2009AA6E7 /* main.m in Sources */ = {isa = PBXBuildFile; fileRef = 83B988B618B256F2009AA6E7 /* main.m */; };
		83B988BB18B256F2009AA6E7 /* DRAppDelegate.m in Sources */ = {isa = PBXBuildFile; fileRef = 83B988BA18B256F2009AA6E7 /* DRAppDelegate.m */; };
		83B988C018B256F2009AA6E7 /* Images.xcassets in Resources */ = {isa = PBXBuildFile; fileRef = 83B988BF18B256F2009AA6E7 /* Images.xcassets */; };
		83B988C718B256F2009AA6E7 /* XCTest.framework in Frameworks */ = {isa = PBXBuildFile; fileRef = 83B988C618B256F2009AA6E7 /* XCTest.framework */; };
		83B988C818B256F2009AA6E7 /* Foundation.framework in Frameworks */ = {isa = PBXBuildFile; fileRef = 83B988A818B256F2009AA6E7 /* Foundation.framework */; };
		83B988C918B256F2009AA6E7 /* UIKit.framework in Frameworks */ = {isa = PBXBuildFile; fileRef = 83B988AC18B256F2009AA6E7 /* UIKit.framework */; };
		83B988CA18B256F2009AA6E7 /* CoreData.framework in Frameworks */ = {isa = PBXBuildFile; fileRef = 83B988AE18B256F2009AA6E7 /* CoreData.framework */; };
		83B988D218B256F2009AA6E7 /* InfoPlist.strings in Resources */ = {isa = PBXBuildFile; fileRef = 83B988D018B256F2009AA6E7 /* InfoPlist.strings */; };
		83B988D418B256F2009AA6E7 /* DriftTests.m in Sources */ = {isa = PBXBuildFile; fileRef = 83B988D318B256F2009AA6E7 /* DriftTests.m */; };
		97FFDB5FF92D437ABAD935A2 /* libPods.a in Frameworks */ = {isa = PBXBuildFile; fileRef = 6182D03EDE384F918A26C950 /* libPods.a */; };
/* End PBXBuildFile section */

/* Begin PBXContainerItemProxy section */
		83B988CB18B256F2009AA6E7 /* PBXContainerItemProxy */ = {
			isa = PBXContainerItemProxy;
			containerPortal = 83B9889D18B256F1009AA6E7 /* Project object */;
			proxyType = 1;
			remoteGlobalIDString = 83B988A418B256F1009AA6E7;
			remoteInfo = Drift;
		};
/* End PBXContainerItemProxy section */

/* Begin PBXFileReference section */
		216CFFB8B4AC4BA499CC087A /* Pods-DriftTests.xcconfig */ = {isa = PBXFileReference; includeInIndex = 1; lastKnownFileType = text.xcconfig; name = "Pods-DriftTests.xcconfig"; path = "Pods/Pods-DriftTests.xcconfig"; sourceTree = "<group>"; };
		42A338CB7525492CA914F2AF /* libPods-DriftTests.a */ = {isa = PBXFileReference; explicitFileType = archive.ar; includeInIndex = 0; path = "libPods-DriftTests.a"; sourceTree = BUILT_PRODUCTS_DIR; };
		6182D03EDE384F918A26C950 /* libPods.a */ = {isa = PBXFileReference; explicitFileType = archive.ar; includeInIndex = 0; path = libPods.a; sourceTree = BUILT_PRODUCTS_DIR; };
		8376E5F418B7A335005CFB78 /* Drift.xcdatamodel */ = {isa = PBXFileReference; lastKnownFileType = wrapper.xcdatamodel; path = Drift.xcdatamodel; sourceTree = "<group>"; };
		8376E5FC18B7A464005CFB78 /* DRPath.h */ = {isa = PBXFileReference; fileEncoding = 4; lastKnownFileType = sourcecode.c.h; path = DRPath.h; sourceTree = "<group>"; };
		8376E5FD18B7A464005CFB78 /* DRPath.m */ = {isa = PBXFileReference; fileEncoding = 4; lastKnownFileType = sourcecode.c.objc; path = DRPath.m; sourceTree = "<group>"; };
		8376E5FE18B7A464005CFB78 /* DRRun.h */ = {isa = PBXFileReference; fileEncoding = 4; lastKnownFileType = sourcecode.c.h; path = DRRun.h; sourceTree = "<group>"; };
		8376E5FF18B7A464005CFB78 /* DRRun.m */ = {isa = PBXFileReference; fileEncoding = 4; lastKnownFileType = sourcecode.c.objc; path = DRRun.m; sourceTree = "<group>"; };
		8376E60118B7A464005CFB78 /* _DRPath.h */ = {isa = PBXFileReference; fileEncoding = 4; lastKnownFileType = sourcecode.c.h; path = _DRPath.h; sourceTree = "<group>"; };
		8376E60218B7A464005CFB78 /* _DRPath.m */ = {isa = PBXFileReference; fileEncoding = 4; lastKnownFileType = sourcecode.c.objc; path = _DRPath.m; sourceTree = "<group>"; };
		8376E60318B7A464005CFB78 /* _DRRun.h */ = {isa = PBXFileReference; fileEncoding = 4; lastKnownFileType = sourcecode.c.h; path = _DRRun.h; sourceTree = "<group>"; };
		8376E60418B7A464005CFB78 /* _DRRun.m */ = {isa = PBXFileReference; fileEncoding = 4; lastKnownFileType = sourcecode.c.objc; path = _DRRun.m; sourceTree = "<group>"; };
		8376E60918B7A489005CFB78 /* DRModel.h */ = {isa = PBXFileReference; fileEncoding = 4; lastKnownFileType = sourcecode.c.h; path = DRModel.h; sourceTree = "<group>"; };
		838D12C818BCD2AB00675187 /* CLLocation+DRExtensions.h */ = {isa = PBXFileReference; fileEncoding = 4; lastKnownFileType = sourcecode.c.h; path = "CLLocation+DRExtensions.h"; sourceTree = "<group>"; };
		838D12C918BCD2AB00675187 /* CLLocation+DRExtensions.m */ = {isa = PBXFileReference; fileEncoding = 4; lastKnownFileType = sourcecode.c.objc; path = "CLLocation+DRExtensions.m"; sourceTree = "<group>"; };
		838D12CB18BCD2CF00675187 /* CoreLocation.framework */ = {isa = PBXFileReference; lastKnownFileType = wrapper.framework; name = CoreLocation.framework; path = System/Library/Frameworks/CoreLocation.framework; sourceTree = SDKROOT; };
		838D12CD18BCD41200675187 /* NSArray+DRExtensions.h */ = {isa = PBXFileReference; fileEncoding = 4; lastKnownFileType = sourcecode.c.h; path = "NSArray+DRExtensions.h"; sourceTree = "<group>"; };
		838D12CE18BCD41200675187 /* NSArray+DRExtensions.m */ = {isa = PBXFileReference; fileEncoding = 4; lastKnownFileType = sourcecode.c.objc; path = "NSArray+DRExtensions.m"; sourceTree = "<group>"; };
		83B988A518B256F2009AA6E7 /* Drift.app */ = {isa = PBXFileReference; explicitFileType = wrapper.application; includeInIndex = 0; path = Drift.app; sourceTree = BUILT_PRODUCTS_DIR; };
		83B988A818B256F2009AA6E7 /* Foundation.framework */ = {isa = PBXFileReference; lastKnownFileType = wrapper.framework; name = Foundation.framework; path = System/Library/Frameworks/Foundation.framework; sourceTree = SDKROOT; };
		83B988AA18B256F2009AA6E7 /* CoreGraphics.framework */ = {isa = PBXFileReference; lastKnownFileType = wrapper.framework; name = CoreGraphics.framework; path = System/Library/Frameworks/CoreGraphics.framework; sourceTree = SDKROOT; };
		83B988AC18B256F2009AA6E7 /* UIKit.framework */ = {isa = PBXFileReference; lastKnownFileType = wrapper.framework; name = UIKit.framework; path = System/Library/Frameworks/UIKit.framework; sourceTree = SDKROOT; };
		83B988AE18B256F2009AA6E7 /* CoreData.framework */ = {isa = PBXFileReference; lastKnownFileType = wrapper.framework; name = CoreData.framework; path = System/Library/Frameworks/CoreData.framework; sourceTree = SDKROOT; };
		83B988B218B256F2009AA6E7 /* Drift-Info.plist */ = {isa = PBXFileReference; lastKnownFileType = text.plist.xml; path = "Drift-Info.plist"; sourceTree = "<group>"; };
		83B988B418B256F2009AA6E7 /* en */ = {isa = PBXFileReference; lastKnownFileType = text.plist.strings; name = en; path = en.lproj/InfoPlist.strings; sourceTree = "<group>"; };
		83B988B618B256F2009AA6E7 /* main.m */ = {isa = PBXFileReference; lastKnownFileType = sourcecode.c.objc; path = main.m; sourceTree = "<group>"; };
		83B988B818B256F2009AA6E7 /* Drift-Prefix.pch */ = {isa = PBXFileReference; lastKnownFileType = sourcecode.c.h; path = "Drift-Prefix.pch"; sourceTree = "<group>"; };
		83B988B918B256F2009AA6E7 /* DRAppDelegate.h */ = {isa = PBXFileReference; lastKnownFileType = sourcecode.c.h; path = DRAppDelegate.h; sourceTree = "<group>"; };
		83B988BA18B256F2009AA6E7 /* DRAppDelegate.m */ = {isa = PBXFileReference; lastKnownFileType = sourcecode.c.objc; path = DRAppDelegate.m; sourceTree = "<group>"; };
		83B988BF18B256F2009AA6E7 /* Images.xcassets */ = {isa = PBXFileReference; lastKnownFileType = folder.assetcatalog; path = Images.xcassets; sourceTree = "<group>"; };
		83B988C518B256F2009AA6E7 /* DriftTests.xctest */ = {isa = PBXFileReference; explicitFileType = wrapper.cfbundle; includeInIndex = 0; path = DriftTests.xctest; sourceTree = BUILT_PRODUCTS_DIR; };
		83B988C618B256F2009AA6E7 /* XCTest.framework */ = {isa = PBXFileReference; lastKnownFileType = wrapper.framework; name = XCTest.framework; path = Library/Frameworks/XCTest.framework; sourceTree = DEVELOPER_DIR; };
		83B988CF18B256F2009AA6E7 /* DriftTests-Info.plist */ = {isa = PBXFileReference; lastKnownFileType = text.plist.xml; path = "DriftTests-Info.plist"; sourceTree = "<group>"; };
		83B988D118B256F2009AA6E7 /* en */ = {isa = PBXFileReference; lastKnownFileType = text.plist.strings; name = en; path = en.lproj/InfoPlist.strings; sourceTree = "<group>"; };
		83B988D318B256F2009AA6E7 /* DriftTests.m */ = {isa = PBXFileReference; lastKnownFileType = sourcecode.c.objc; path = DriftTests.m; sourceTree = "<group>"; };
		8EDFAB2D72D24F72BBCBD699 /* Pods.xcconfig */ = {isa = PBXFileReference; includeInIndex = 1; lastKnownFileType = text.xcconfig; name = Pods.xcconfig; path = Pods/Pods.xcconfig; sourceTree = "<group>"; };
/* End PBXFileReference section */

/* Begin PBXFrameworksBuildPhase section */
		83B988A218B256F1009AA6E7 /* Frameworks */ = {
			isa = PBXFrameworksBuildPhase;
			buildActionMask = 2147483647;
			files = (
				838D12CC18BCD2CF00675187 /* CoreLocation.framework in Frameworks */,
				83B988AB18B256F2009AA6E7 /* CoreGraphics.framework in Frameworks */,
				83B988AF18B256F2009AA6E7 /* CoreData.framework in Frameworks */,
				83B988AD18B256F2009AA6E7 /* UIKit.framework in Frameworks */,
				83B988A918B256F2009AA6E7 /* Foundation.framework in Frameworks */,
				97FFDB5FF92D437ABAD935A2 /* libPods.a in Frameworks */,
			);
			runOnlyForDeploymentPostprocessing = 0;
		};
		83B988C218B256F2009AA6E7 /* Frameworks */ = {
			isa = PBXFrameworksBuildPhase;
			buildActionMask = 2147483647;
			files = (
				83B988C718B256F2009AA6E7 /* XCTest.framework in Frameworks */,
				83B988CA18B256F2009AA6E7 /* CoreData.framework in Frameworks */,
				83B988C918B256F2009AA6E7 /* UIKit.framework in Frameworks */,
				83B988C818B256F2009AA6E7 /* Foundation.framework in Frameworks */,
				2CD64F62050C4DB5BE0CC1CA /* libPods-DriftTests.a in Frameworks */,
			);
			runOnlyForDeploymentPostprocessing = 0;
		};
/* End PBXFrameworksBuildPhase section */

/* Begin PBXGroup section */
		8376E5F218B7A335005CFB78 /* Model */ = {
			isa = PBXGroup;
			children = (
				8376E60918B7A489005CFB78 /* DRModel.h */,
				8376E5F318B7A335005CFB78 /* Drift.xcdatamodeld */,
				8376E60018B7A464005CFB78 /* Mogenerator */,
				8376E5FB18B7A464005CFB78 /* Entities */,
			);
			path = Model;
			sourceTree = "<group>";
		};
		8376E5FB18B7A464005CFB78 /* Entities */ = {
			isa = PBXGroup;
			children = (
				8376E5FC18B7A464005CFB78 /* DRPath.h */,
				8376E5FD18B7A464005CFB78 /* DRPath.m */,
				8376E5FE18B7A464005CFB78 /* DRRun.h */,
				8376E5FF18B7A464005CFB78 /* DRRun.m */,
			);
			path = Entities;
			sourceTree = "<group>";
		};
		8376E60018B7A464005CFB78 /* Mogenerator */ = {
			isa = PBXGroup;
			children = (
				8376E60118B7A464005CFB78 /* _DRPath.h */,
				8376E60218B7A464005CFB78 /* _DRPath.m */,
				8376E60318B7A464005CFB78 /* _DRRun.h */,
				8376E60418B7A464005CFB78 /* _DRRun.m */,
			);
			path = Mogenerator;
			sourceTree = "<group>";
		};
		838D12C618BCD23E00675187 /* Controllers */ = {
			isa = PBXGroup;
			children = (
			);
			path = Controllers;
			sourceTree = "<group>";
		};
		838D12C718BCD24800675187 /* Utilities */ = {
			isa = PBXGroup;
			children = (
				838D12C818BCD2AB00675187 /* CLLocation+DRExtensions.h */,
				838D12C918BCD2AB00675187 /* CLLocation+DRExtensions.m */,
				838D12CD18BCD41200675187 /* NSArray+DRExtensions.h */,
				838D12CE18BCD41200675187 /* NSArray+DRExtensions.m */,
			);
			path = Utilities;
			sourceTree = "<group>";
		};
		83B9889C18B256F1009AA6E7 = {
			isa = PBXGroup;
			children = (
				83B988B018B256F2009AA6E7 /* Drift */,
				83B988CD18B256F2009AA6E7 /* DriftTests */,
				83B988A718B256F2009AA6E7 /* Frameworks */,
				83B988A618B256F2009AA6E7 /* Products */,
				8EDFAB2D72D24F72BBCBD699 /* Pods.xcconfig */,
				216CFFB8B4AC4BA499CC087A /* Pods-DriftTests.xcconfig */,
			);
			sourceTree = "<group>";
		};
		83B988A618B256F2009AA6E7 /* Products */ = {
			isa = PBXGroup;
			children = (
				83B988A518B256F2009AA6E7 /* Drift.app */,
				83B988C518B256F2009AA6E7 /* DriftTests.xctest */,
			);
			name = Products;
			sourceTree = "<group>";
		};
		83B988A718B256F2009AA6E7 /* Frameworks */ = {
			isa = PBXGroup;
			children = (
				838D12CB18BCD2CF00675187 /* CoreLocation.framework */,
				83B988A818B256F2009AA6E7 /* Foundation.framework */,
				83B988AA18B256F2009AA6E7 /* CoreGraphics.framework */,
				83B988AC18B256F2009AA6E7 /* UIKit.framework */,
				83B988AE18B256F2009AA6E7 /* CoreData.framework */,
				83B988C618B256F2009AA6E7 /* XCTest.framework */,
				6182D03EDE384F918A26C950 /* libPods.a */,
				42A338CB7525492CA914F2AF /* libPods-DriftTests.a */,
			);
			name = Frameworks;
			sourceTree = "<group>";
		};
		83B988B018B256F2009AA6E7 /* Drift */ = {
			isa = PBXGroup;
			children = (
				83B988B918B256F2009AA6E7 /* DRAppDelegate.h */,
				83B988BA18B256F2009AA6E7 /* DRAppDelegate.m */,
				838D12C618BCD23E00675187 /* Controllers */,
				8376E5F218B7A335005CFB78 /* Model */,
				838D12C718BCD24800675187 /* Utilities */,
				83B988BF18B256F2009AA6E7 /* Images.xcassets */,
				83B988B118B256F2009AA6E7 /* Supporting Files */,
			);
			path = Drift;
			sourceTree = "<group>";
		};
		83B988B118B256F2009AA6E7 /* Supporting Files */ = {
			isa = PBXGroup;
			children = (
				83B988B218B256F2009AA6E7 /* Drift-Info.plist */,
				83B988B318B256F2009AA6E7 /* InfoPlist.strings */,
				83B988B618B256F2009AA6E7 /* main.m */,
				83B988B818B256F2009AA6E7 /* Drift-Prefix.pch */,
			);
			name = "Supporting Files";
			sourceTree = "<group>";
		};
		83B988CD18B256F2009AA6E7 /* DriftTests */ = {
			isa = PBXGroup;
			children = (
				83B988D318B256F2009AA6E7 /* DriftTests.m */,
				83B988CE18B256F2009AA6E7 /* Supporting Files */,
			);
			path = DriftTests;
			sourceTree = "<group>";
		};
		83B988CE18B256F2009AA6E7 /* Supporting Files */ = {
			isa = PBXGroup;
			children = (
				83B988CF18B256F2009AA6E7 /* DriftTests-Info.plist */,
				83B988D018B256F2009AA6E7 /* InfoPlist.strings */,
			);
			name = "Supporting Files";
			sourceTree = "<group>";
		};
/* End PBXGroup section */

/* Begin PBXNativeTarget section */
		83B988A418B256F1009AA6E7 /* Drift */ = {
			isa = PBXNativeTarget;
			buildConfigurationList = 83B988D718B256F2009AA6E7 /* Build configuration list for PBXNativeTarget "Drift" */;
			buildPhases = (
				18703BA46FFC49A48E8159B8 /* Check Pods Manifest.lock */,
				83B988A118B256F1009AA6E7 /* Sources */,
				83B988A218B256F1009AA6E7 /* Frameworks */,
				83B988A318B256F1009AA6E7 /* Resources */,
				AEA3D04677844A349DFAD143 /* Copy Pods Resources */,
			);
			buildRules = (
			);
			dependencies = (
			);
			name = Drift;
			productName = Drift;
			productReference = 83B988A518B256F2009AA6E7 /* Drift.app */;
			productType = "com.apple.product-type.application";
		};
		83B988C418B256F2009AA6E7 /* DriftTests */ = {
			isa = PBXNativeTarget;
			buildConfigurationList = 83B988DA18B256F2009AA6E7 /* Build configuration list for PBXNativeTarget "DriftTests" */;
			buildPhases = (
				221B032CF64B4175A853B2D3 /* Check Pods Manifest.lock */,
				83B988C118B256F2009AA6E7 /* Sources */,
				83B988C218B256F2009AA6E7 /* Frameworks */,
				83B988C318B256F2009AA6E7 /* Resources */,
				42F225E2D0D3441DAE10604A /* Copy Pods Resources */,
			);
			buildRules = (
			);
			dependencies = (
				83B988CC18B256F2009AA6E7 /* PBXTargetDependency */,
			);
			name = DriftTests;
			productName = DriftTests;
			productReference = 83B988C518B256F2009AA6E7 /* DriftTests.xctest */;
			productType = "com.apple.product-type.bundle.unit-test";
		};
/* End PBXNativeTarget section */

/* Begin PBXProject section */
		83B9889D18B256F1009AA6E7 /* Project object */ = {
			isa = PBXProject;
			attributes = {
				CLASSPREFIX = DR;
				LastUpgradeCheck = 0500;
				ORGANIZATIONNAME = "Christoph Albert";
				TargetAttributes = {
					83B988C418B256F2009AA6E7 = {
						TestTargetID = 83B988A418B256F1009AA6E7;
					};
				};
			};
			buildConfigurationList = 83B988A018B256F1009AA6E7 /* Build configuration list for PBXProject "Drift" */;
			compatibilityVersion = "Xcode 3.2";
			developmentRegion = English;
			hasScannedForEncodings = 0;
			knownRegions = (
				en,
			);
			mainGroup = 83B9889C18B256F1009AA6E7;
			productRefGroup = 83B988A618B256F2009AA6E7 /* Products */;
			projectDirPath = "";
			projectRoot = "";
			targets = (
				83B988A418B256F1009AA6E7 /* Drift */,
				83B988C418B256F2009AA6E7 /* DriftTests */,
				8376E5F618B7A378005CFB78 /* Mogenerator */,
			);
		};
/* End PBXProject section */

/* Begin PBXResourcesBuildPhase section */
		83B988A318B256F1009AA6E7 /* Resources */ = {
			isa = PBXResourcesBuildPhase;
			buildActionMask = 2147483647;
			files = (
				83B988B518B256F2009AA6E7 /* InfoPlist.strings in Resources */,
				83B988C018B256F2009AA6E7 /* Images.xcassets in Resources */,
			);
			runOnlyForDeploymentPostprocessing = 0;
		};
		83B988C318B256F2009AA6E7 /* Resources */ = {
			isa = PBXResourcesBuildPhase;
			buildActionMask = 2147483647;
			files = (
				83B988D218B256F2009AA6E7 /* InfoPlist.strings in Resources */,
			);
			runOnlyForDeploymentPostprocessing = 0;
		};
/* End PBXResourcesBuildPhase section */

/* Begin PBXShellScriptBuildPhase section */
		18703BA46FFC49A48E8159B8 /* Check Pods Manifest.lock */ = {
			isa = PBXShellScriptBuildPhase;
			buildActionMask = 2147483647;
			files = (
			);
			inputPaths = (
			);
			name = "Check Pods Manifest.lock";
			outputPaths = (
			);
			runOnlyForDeploymentPostprocessing = 0;
			shellPath = /bin/sh;
			shellScript = "diff \"${PODS_ROOT}/../Podfile.lock\" \"${PODS_ROOT}/Manifest.lock\" > /dev/null\nif [[ $? != 0 ]] ; then\n    cat << EOM\nerror: The sandbox is not in sync with the Podfile.lock. Run 'pod install' or update your CocoaPods installation.\nEOM\n    exit 1\nfi\n";
			showEnvVarsInLog = 0;
		};
		221B032CF64B4175A853B2D3 /* Check Pods Manifest.lock */ = {
			isa = PBXShellScriptBuildPhase;
			buildActionMask = 2147483647;
			files = (
			);
			inputPaths = (
			);
			name = "Check Pods Manifest.lock";
			outputPaths = (
			);
			runOnlyForDeploymentPostprocessing = 0;
			shellPath = /bin/sh;
			shellScript = "diff \"${PODS_ROOT}/../Podfile.lock\" \"${PODS_ROOT}/Manifest.lock\" > /dev/null\nif [[ $? != 0 ]] ; then\n    cat << EOM\nerror: The sandbox is not in sync with the Podfile.lock. Run 'pod install' or update your CocoaPods installation.\nEOM\n    exit 1\nfi\n";
			showEnvVarsInLog = 0;
		};
		42F225E2D0D3441DAE10604A /* Copy Pods Resources */ = {
			isa = PBXShellScriptBuildPhase;
			buildActionMask = 2147483647;
			files = (
			);
			inputPaths = (
			);
			name = "Copy Pods Resources";
			outputPaths = (
			);
			runOnlyForDeploymentPostprocessing = 0;
			shellPath = /bin/sh;
			shellScript = "\"${SRCROOT}/Pods/Pods-DriftTests-resources.sh\"\n";
			showEnvVarsInLog = 0;
		};
		8376E5FA18B7A394005CFB78 /* ShellScript */ = {
			isa = PBXShellScriptBuildPhase;
			buildActionMask = 2147483647;
			files = (
			);
			inputPaths = (
			);
			outputPaths = (
			);
			runOnlyForDeploymentPostprocessing = 0;
			shellPath = /bin/sh;
			shellScript = "mogenerator -m Drift/Model/Drift.xcdatamodeld/Drift.xcdatamodel -H Drift/Model/Entities -M Drift/Model/Mogenerator —template-path Drift/Model/Templates --template-var arc=true";
		};
		AEA3D04677844A349DFAD143 /* Copy Pods Resources */ = {
			isa = PBXShellScriptBuildPhase;
			buildActionMask = 2147483647;
			files = (
			);
			inputPaths = (
			);
			name = "Copy Pods Resources";
			outputPaths = (
			);
			runOnlyForDeploymentPostprocessing = 0;
			shellPath = /bin/sh;
			shellScript = "\"${SRCROOT}/Pods/Pods-resources.sh\"\n";
			showEnvVarsInLog = 0;
		};
/* End PBXShellScriptBuildPhase section */

/* Begin PBXSourcesBuildPhase section */
		83B988A118B256F1009AA6E7 /* Sources */ = {
			isa = PBXSourcesBuildPhase;
			buildActionMask = 2147483647;
			files = (
				8376E60618B7A464005CFB78 /* DRRun.m in Sources */,
				83B988BB18B256F2009AA6E7 /* DRAppDelegate.m in Sources */,
				838D12CF18BCD41200675187 /* NSArray+DRExtensions.m in Sources */,
				83B988B718B256F2009AA6E7 /* main.m in Sources */,
				8376E60818B7A464005CFB78 /* _DRRun.m in Sources */,
				8376E60518B7A464005CFB78 /* DRPath.m in Sources */,
				838D12CA18BCD2AB00675187 /* CLLocation+DRExtensions.m in Sources */,
				8376E60718B7A464005CFB78 /* _DRPath.m in Sources */,
				8376E5F518B7A335005CFB78 /* Drift.xcdatamodeld in Sources */,
			);
			runOnlyForDeploymentPostprocessing = 0;
		};
		83B988C118B256F2009AA6E7 /* Sources */ = {
			isa = PBXSourcesBuildPhase;
			buildActionMask = 2147483647;
			files = (
				83B988D418B256F2009AA6E7 /* DriftTests.m in Sources */,
			);
			runOnlyForDeploymentPostprocessing = 0;
		};
/* End PBXSourcesBuildPhase section */

/* Begin PBXTargetDependency section */
		83B988CC18B256F2009AA6E7 /* PBXTargetDependency */ = {
			isa = PBXTargetDependency;
			target = 83B988A418B256F1009AA6E7 /* Drift */;
			targetProxy = 83B988CB18B256F2009AA6E7 /* PBXContainerItemProxy */;
		};
/* End PBXTargetDependency section */

/* Begin PBXVariantGroup section */
		83B988B318B256F2009AA6E7 /* InfoPlist.strings */ = {
			isa = PBXVariantGroup;
			children = (
				83B988B418B256F2009AA6E7 /* en */,
			);
			name = InfoPlist.strings;
			sourceTree = "<group>";
		};
		83B988D018B256F2009AA6E7 /* InfoPlist.strings */ = {
			isa = PBXVariantGroup;
			children = (
				83B988D118B256F2009AA6E7 /* en */,
			);
			name = InfoPlist.strings;
			sourceTree = "<group>";
		};
/* End PBXVariantGroup section */

/* Begin XCBuildConfiguration section */
		8376E5F818B7A378005CFB78 /* Debug */ = {
			isa = XCBuildConfiguration;
			buildSettings = {
				PRODUCT_NAME = "$(TARGET_NAME)";
			};
			name = Debug;
		};
		8376E5F918B7A378005CFB78 /* Release */ = {
			isa = XCBuildConfiguration;
			buildSettings = {
				PRODUCT_NAME = "$(TARGET_NAME)";
			};
			name = Release;
		};
		83B988D518B256F2009AA6E7 /* Debug */ = {
			isa = XCBuildConfiguration;
			buildSettings = {
				ALWAYS_SEARCH_USER_PATHS = NO;
				ARCHS = "$(ARCHS_STANDARD_INCLUDING_64_BIT)";
				CLANG_CXX_LANGUAGE_STANDARD = "gnu++0x";
				CLANG_CXX_LIBRARY = "libc++";
				CLANG_ENABLE_MODULES = YES;
				CLANG_ENABLE_OBJC_ARC = YES;
				CLANG_WARN_BOOL_CONVERSION = YES;
				CLANG_WARN_CONSTANT_CONVERSION = YES;
				CLANG_WARN_DIRECT_OBJC_ISA_USAGE = YES_ERROR;
				CLANG_WARN_EMPTY_BODY = YES;
				CLANG_WARN_ENUM_CONVERSION = YES;
				CLANG_WARN_INT_CONVERSION = YES;
				CLANG_WARN_OBJC_ROOT_CLASS = YES_ERROR;
				CLANG_WARN__DUPLICATE_METHOD_MATCH = YES;
				"CODE_SIGN_IDENTITY[sdk=iphoneos*]" = "iPhone Developer";
				COPY_PHASE_STRIP = NO;
				GCC_C_LANGUAGE_STANDARD = gnu99;
				GCC_DYNAMIC_NO_PIC = NO;
				GCC_OPTIMIZATION_LEVEL = 0;
				GCC_PREPROCESSOR_DEFINITIONS = (
					"DEBUG=1",
					"$(inherited)",
				);
				GCC_SYMBOLS_PRIVATE_EXTERN = NO;
				GCC_WARN_64_TO_32_BIT_CONVERSION = YES;
				GCC_WARN_ABOUT_RETURN_TYPE = YES_ERROR;
				GCC_WARN_UNDECLARED_SELECTOR = YES;
				GCC_WARN_UNINITIALIZED_AUTOS = YES;
				GCC_WARN_UNUSED_FUNCTION = YES;
				GCC_WARN_UNUSED_VARIABLE = YES;
				IPHONEOS_DEPLOYMENT_TARGET = 7.0;
				ONLY_ACTIVE_ARCH = YES;
				SDKROOT = iphoneos;
			};
			name = Debug;
		};
		83B988D618B256F2009AA6E7 /* Release */ = {
			isa = XCBuildConfiguration;
			buildSettings = {
				ALWAYS_SEARCH_USER_PATHS = NO;
				ARCHS = "$(ARCHS_STANDARD_INCLUDING_64_BIT)";
				CLANG_CXX_LANGUAGE_STANDARD = "gnu++0x";
				CLANG_CXX_LIBRARY = "libc++";
				CLANG_ENABLE_MODULES = YES;
				CLANG_ENABLE_OBJC_ARC = YES;
				CLANG_WARN_BOOL_CONVERSION = YES;
				CLANG_WARN_CONSTANT_CONVERSION = YES;
				CLANG_WARN_DIRECT_OBJC_ISA_USAGE = YES_ERROR;
				CLANG_WARN_EMPTY_BODY = YES;
				CLANG_WARN_ENUM_CONVERSION = YES;
				CLANG_WARN_INT_CONVERSION = YES;
				CLANG_WARN_OBJC_ROOT_CLASS = YES_ERROR;
				CLANG_WARN__DUPLICATE_METHOD_MATCH = YES;
				"CODE_SIGN_IDENTITY[sdk=iphoneos*]" = "iPhone Developer";
				COPY_PHASE_STRIP = YES;
				ENABLE_NS_ASSERTIONS = NO;
				GCC_C_LANGUAGE_STANDARD = gnu99;
				GCC_WARN_64_TO_32_BIT_CONVERSION = YES;
				GCC_WARN_ABOUT_RETURN_TYPE = YES_ERROR;
				GCC_WARN_UNDECLARED_SELECTOR = YES;
				GCC_WARN_UNINITIALIZED_AUTOS = YES;
				GCC_WARN_UNUSED_FUNCTION = YES;
				GCC_WARN_UNUSED_VARIABLE = YES;
				IPHONEOS_DEPLOYMENT_TARGET = 7.0;
				SDKROOT = iphoneos;
				VALIDATE_PRODUCT = YES;
			};
			name = Release;
		};
		83B988D818B256F2009AA6E7 /* Debug */ = {
			isa = XCBuildConfiguration;
			baseConfigurationReference = 8EDFAB2D72D24F72BBCBD699 /* Pods.xcconfig */;
			buildSettings = {
				ASSETCATALOG_COMPILER_APPICON_NAME = AppIcon;
				ASSETCATALOG_COMPILER_LAUNCHIMAGE_NAME = LaunchImage;
				GCC_PRECOMPILE_PREFIX_HEADER = YES;
				GCC_PREFIX_HEADER = "Drift/Drift-Prefix.pch";
				INFOPLIST_FILE = "Drift/Drift-Info.plist";
				PRODUCT_NAME = "$(TARGET_NAME)";
				WRAPPER_EXTENSION = app;
			};
			name = Debug;
		};
		83B988D918B256F2009AA6E7 /* Release */ = {
			isa = XCBuildConfiguration;
			baseConfigurationReference = 8EDFAB2D72D24F72BBCBD699 /* Pods.xcconfig */;
			buildSettings = {
				ASSETCATALOG_COMPILER_APPICON_NAME = AppIcon;
				ASSETCATALOG_COMPILER_LAUNCHIMAGE_NAME = LaunchImage;
				GCC_PRECOMPILE_PREFIX_HEADER = YES;
				GCC_PREFIX_HEADER = "Drift/Drift-Prefix.pch";
				INFOPLIST_FILE = "Drift/Drift-Info.plist";
				PRODUCT_NAME = "$(TARGET_NAME)";
				WRAPPER_EXTENSION = app;
			};
			name = Release;
		};
		83B988DB18B256F2009AA6E7 /* Debug */ = {
			isa = XCBuildConfiguration;
			baseConfigurationReference = 216CFFB8B4AC4BA499CC087A /* Pods-DriftTests.xcconfig */;
			buildSettings = {
				ARCHS = "$(ARCHS_STANDARD_INCLUDING_64_BIT)";
				BUNDLE_LOADER = "$(BUILT_PRODUCTS_DIR)/Drift.app/Drift";
				FRAMEWORK_SEARCH_PATHS = (
					"$(SDKROOT)/Developer/Library/Frameworks",
					"$(inherited)",
					"$(DEVELOPER_FRAMEWORKS_DIR)",
				);
				GCC_PRECOMPILE_PREFIX_HEADER = YES;
				GCC_PREFIX_HEADER = "Drift/Drift-Prefix.pch";
				GCC_PREPROCESSOR_DEFINITIONS = (
					"DEBUG=1",
					"$(inherited)",
				);
				INFOPLIST_FILE = "DriftTests/DriftTests-Info.plist";
				PRODUCT_NAME = "$(TARGET_NAME)";
				TEST_HOST = "$(BUNDLE_LOADER)";
				WRAPPER_EXTENSION = xctest;
			};
			name = Debug;
		};
		83B988DC18B256F2009AA6E7 /* Release */ = {
			isa = XCBuildConfiguration;
			baseConfigurationReference = 216CFFB8B4AC4BA499CC087A /* Pods-DriftTests.xcconfig */;
			buildSettings = {
				ARCHS = "$(ARCHS_STANDARD_INCLUDING_64_BIT)";
				BUNDLE_LOADER = "$(BUILT_PRODUCTS_DIR)/Drift.app/Drift";
				FRAMEWORK_SEARCH_PATHS = (
					"$(SDKROOT)/Developer/Library/Frameworks",
					"$(inherited)",
					"$(DEVELOPER_FRAMEWORKS_DIR)",
				);
				GCC_PRECOMPILE_PREFIX_HEADER = YES;
				GCC_PREFIX_HEADER = "Drift/Drift-Prefix.pch";
				INFOPLIST_FILE = "DriftTests/DriftTests-Info.plist";
				PRODUCT_NAME = "$(TARGET_NAME)";
				TEST_HOST = "$(BUNDLE_LOADER)";
				WRAPPER_EXTENSION = xctest;
			};
			name = Release;
		};
/* End XCBuildConfiguration section */

/* Begin XCConfigurationList section */
		8376E5F718B7A378005CFB78 /* Build configuration list for PBXAggregateTarget "Mogenerator" */ = {
			isa = XCConfigurationList;
			buildConfigurations = (
				8376E5F818B7A378005CFB78 /* Debug */,
				8376E5F918B7A378005CFB78 /* Release */,
			);
			defaultConfigurationIsVisible = 0;
			defaultConfigurationName = Release;
		};
		83B988A018B256F1009AA6E7 /* Build configuration list for PBXProject "Drift" */ = {
			isa = XCConfigurationList;
			buildConfigurations = (
				83B988D518B256F2009AA6E7 /* Debug */,
				83B988D618B256F2009AA6E7 /* Release */,
			);
			defaultConfigurationIsVisible = 0;
			defaultConfigurationName = Release;
		};
		83B988D718B256F2009AA6E7 /* Build configuration list for PBXNativeTarget "Drift" */ = {
			isa = XCConfigurationList;
			buildConfigurations = (
				83B988D818B256F2009AA6E7 /* Debug */,
				83B988D918B256F2009AA6E7 /* Release */,
			);
			defaultConfigurationIsVisible = 0;
			defaultConfigurationName = Release;
		};
		83B988DA18B256F2009AA6E7 /* Build configuration list for PBXNativeTarget "DriftTests" */ = {
			isa = XCConfigurationList;
			buildConfigurations = (
				83B988DB18B256F2009AA6E7 /* Debug */,
				83B988DC18B256F2009AA6E7 /* Release */,
			);
			defaultConfigurationIsVisible = 0;
			defaultConfigurationName = Release;
		};
/* End XCConfigurationList section */

/* Begin XCVersionGroup section */
		8376E5F318B7A335005CFB78 /* Drift.xcdatamodeld */ = {
			isa = XCVersionGroup;
			children = (
				8376E5F418B7A335005CFB78 /* Drift.xcdatamodel */,
			);
			currentVersion = 8376E5F418B7A335005CFB78 /* Drift.xcdatamodel */;
			path = Drift.xcdatamodeld;
			sourceTree = "<group>";
			versionGroupType = wrapper.xcdatamodel;
		};
/* End XCVersionGroup section */
	};
	rootObject = 83B9889D18B256F1009AA6E7 /* Project object */;
}
